// !$*UTF8*$!
{
	archiveVersion = 1;
	classes = {
	};
	objectVersion = 46;
	objects = {

/* Begin PBXBuildFile section */
		EC0F24051927021B00C19426 /* Foundation.framework in Frameworks */ = {isa = PBXBuildFile; fileRef = EC0F24041927021B00C19426 /* Foundation.framework */; };
		EC0F24071927021B00C19426 /* CoreGraphics.framework in Frameworks */ = {isa = PBXBuildFile; fileRef = EC0F24061927021B00C19426 /* CoreGraphics.framework */; };
		EC0F24091927021B00C19426 /* UIKit.framework in Frameworks */ = {isa = PBXBuildFile; fileRef = EC0F24081927021B00C19426 /* UIKit.framework */; };
		EC0F240B1927021B00C19426 /* CoreData.framework in Frameworks */ = {isa = PBXBuildFile; fileRef = EC0F240A1927021B00C19426 /* CoreData.framework */; };
		EC0F24111927021B00C19426 /* InfoPlist.strings in Resources */ = {isa = PBXBuildFile; fileRef = EC0F240F1927021B00C19426 /* InfoPlist.strings */; };
		EC0F24131927021B00C19426 /* main.m in Sources */ = {isa = PBXBuildFile; fileRef = EC0F24121927021B00C19426 /* main.m */; };
		EC0F24171927021B00C19426 /* XSAppDelegate.m in Sources */ = {isa = PBXBuildFile; fileRef = EC0F24161927021B00C19426 /* XSAppDelegate.m */; };
		EC0F241A1927021B00C19426 /* XSell.xcdatamodeld in Sources */ = {isa = PBXBuildFile; fileRef = EC0F24181927021B00C19426 /* XSell.xcdatamodeld */; };
		EC0F241C1927021B00C19426 /* Images.xcassets in Resources */ = {isa = PBXBuildFile; fileRef = EC0F241B1927021B00C19426 /* Images.xcassets */; };
		EC0F24231927021B00C19426 /* XCTest.framework in Frameworks */ = {isa = PBXBuildFile; fileRef = EC0F24221927021B00C19426 /* XCTest.framework */; };
		EC0F24241927021B00C19426 /* Foundation.framework in Frameworks */ = {isa = PBXBuildFile; fileRef = EC0F24041927021B00C19426 /* Foundation.framework */; };
		EC0F24251927021B00C19426 /* UIKit.framework in Frameworks */ = {isa = PBXBuildFile; fileRef = EC0F24081927021B00C19426 /* UIKit.framework */; };
		EC0F24261927021B00C19426 /* CoreData.framework in Frameworks */ = {isa = PBXBuildFile; fileRef = EC0F240A1927021B00C19426 /* CoreData.framework */; };
		EC0F242E1927021B00C19426 /* InfoPlist.strings in Resources */ = {isa = PBXBuildFile; fileRef = EC0F242C1927021B00C19426 /* InfoPlist.strings */; };
		EC0F24301927021B00C19426 /* XSellTests.m in Sources */ = {isa = PBXBuildFile; fileRef = EC0F242F1927021B00C19426 /* XSellTests.m */; };
		EC38756F192990FD001B28E5 /* XSell.storyboard in Resources */ = {isa = PBXBuildFile; fileRef = EC38756E192990FD001B28E5 /* XSell.storyboard */; };
		EC38757B19299C01001B28E5 /* XSBusinessViewController.m in Sources */ = {isa = PBXBuildFile; fileRef = EC38757A19299C01001B28E5 /* XSBusinessViewController.m */; };
		EC38757E1929B4BA001B28E5 /* XSHomeViewController.m in Sources */ = {isa = PBXBuildFile; fileRef = EC38757D1929B4BA001B28E5 /* XSHomeViewController.m */; };
		EC3875811929B4DE001B28E5 /* XSActionListViewController.m in Sources */ = {isa = PBXBuildFile; fileRef = EC3875801929B4DE001B28E5 /* XSActionListViewController.m */; };
		EC3875841929B4ED001B28E5 /* XSSearchViewController.m in Sources */ = {isa = PBXBuildFile; fileRef = EC3875831929B4ED001B28E5 /* XSSearchViewController.m */; };
		EC3875871929B50F001B28E5 /* XSReferenceViewController.m in Sources */ = {isa = PBXBuildFile; fileRef = EC3875861929B50F001B28E5 /* XSReferenceViewController.m */; };
		EC38758E1929C724001B28E5 /* XSEFViewController.m in Sources */ = {isa = PBXBuildFile; fileRef = EC38758D1929C724001B28E5 /* XSEFViewController.m */; };
		EC3875901929C853001B28E5 /* MessageUI.framework in Frameworks */ = {isa = PBXBuildFile; fileRef = EC38758F1929C853001B28E5 /* MessageUI.framework */; };
		EC3875921929C85C001B28E5 /* MapKit.framework in Frameworks */ = {isa = PBXBuildFile; fileRef = EC3875911929C85C001B28E5 /* MapKit.framework */; };
		EC3875941929C876001B28E5 /* CoreLocation.framework in Frameworks */ = {isa = PBXBuildFile; fileRef = EC3875931929C876001B28E5 /* CoreLocation.framework */; };
		EC3875961929C88C001B28E5 /* MediaPlayer.framework in Frameworks */ = {isa = PBXBuildFile; fileRef = EC3875951929C88C001B28E5 /* MediaPlayer.framework */; };
		EC3875981929C898001B28E5 /* CoreText.framework in Frameworks */ = {isa = PBXBuildFile; fileRef = EC3875971929C898001B28E5 /* CoreText.framework */; };
		EC38759A1929C8A7001B28E5 /* QuartzCore.framework in Frameworks */ = {isa = PBXBuildFile; fileRef = EC3875991929C8A7001B28E5 /* QuartzCore.framework */; };
		EC38759C1929C9FD001B28E5 /* Developers.pdf in Resources */ = {isa = PBXBuildFile; fileRef = EC38759B1929C9FD001B28E5 /* Developers.pdf */; };
		EC3875A41929DE43001B28E5 /* ReaderAppDelegate.m in Sources */ = {isa = PBXBuildFile; fileRef = EC38759F1929DE43001B28E5 /* ReaderAppDelegate.m */; };
		EC3875A51929DE43001B28E5 /* ReaderBookDelegate.m in Sources */ = {isa = PBXBuildFile; fileRef = EC3875A11929DE43001B28E5 /* ReaderBookDelegate.m */; };
		EC3875A61929DE43001B28E5 /* ReaderDemoController.m in Sources */ = {isa = PBXBuildFile; fileRef = EC3875A31929DE43001B28E5 /* ReaderDemoController.m */; };
		EC3875D01929DE65001B28E5 /* CGPDFDocument.m in Sources */ = {isa = PBXBuildFile; fileRef = EC3875A91929DE65001B28E5 /* CGPDFDocument.m */; };
		EC3875D11929DE65001B28E5 /* ReaderConstants.m in Sources */ = {isa = PBXBuildFile; fileRef = EC3875AB1929DE65001B28E5 /* ReaderConstants.m */; };
		EC3875D21929DE65001B28E5 /* ReaderContentPage.m in Sources */ = {isa = PBXBuildFile; fileRef = EC3875AD1929DE65001B28E5 /* ReaderContentPage.m */; };
		EC3875D31929DE65001B28E5 /* ReaderContentTile.m in Sources */ = {isa = PBXBuildFile; fileRef = EC3875AF1929DE65001B28E5 /* ReaderContentTile.m */; };
		EC3875D41929DE65001B28E5 /* ReaderContentView.m in Sources */ = {isa = PBXBuildFile; fileRef = EC3875B11929DE65001B28E5 /* ReaderContentView.m */; };
		EC3875D51929DE65001B28E5 /* ReaderDocument.m in Sources */ = {isa = PBXBuildFile; fileRef = EC3875B31929DE65001B28E5 /* ReaderDocument.m */; };
		EC3875D61929DE65001B28E5 /* ReaderDocumentOutline.m in Sources */ = {isa = PBXBuildFile; fileRef = EC3875B51929DE65001B28E5 /* ReaderDocumentOutline.m */; };
		EC3875D71929DE65001B28E5 /* ReaderMainPagebar.m in Sources */ = {isa = PBXBuildFile; fileRef = EC3875B71929DE65001B28E5 /* ReaderMainPagebar.m */; };
		EC3875D81929DE65001B28E5 /* ReaderMainToolbar.m in Sources */ = {isa = PBXBuildFile; fileRef = EC3875B91929DE65001B28E5 /* ReaderMainToolbar.m */; };
		EC3875D91929DE65001B28E5 /* ReaderThumbCache.m in Sources */ = {isa = PBXBuildFile; fileRef = EC3875BB1929DE65001B28E5 /* ReaderThumbCache.m */; };
		EC3875DA1929DE65001B28E5 /* ReaderThumbFetch.m in Sources */ = {isa = PBXBuildFile; fileRef = EC3875BD1929DE65001B28E5 /* ReaderThumbFetch.m */; };
		EC3875DB1929DE65001B28E5 /* ReaderThumbQueue.m in Sources */ = {isa = PBXBuildFile; fileRef = EC3875BF1929DE65001B28E5 /* ReaderThumbQueue.m */; };
		EC3875DC1929DE65001B28E5 /* ReaderThumbRender.m in Sources */ = {isa = PBXBuildFile; fileRef = EC3875C11929DE65001B28E5 /* ReaderThumbRender.m */; };
		EC3875DD1929DE65001B28E5 /* ReaderThumbRequest.m in Sources */ = {isa = PBXBuildFile; fileRef = EC3875C31929DE65001B28E5 /* ReaderThumbRequest.m */; };
		EC3875DE1929DE65001B28E5 /* ReaderThumbsView.m in Sources */ = {isa = PBXBuildFile; fileRef = EC3875C51929DE65001B28E5 /* ReaderThumbsView.m */; };
		EC3875DF1929DE65001B28E5 /* ReaderThumbView.m in Sources */ = {isa = PBXBuildFile; fileRef = EC3875C71929DE65001B28E5 /* ReaderThumbView.m */; };
		EC3875E01929DE65001B28E5 /* ReaderViewController.m in Sources */ = {isa = PBXBuildFile; fileRef = EC3875C91929DE65001B28E5 /* ReaderViewController.m */; };
		EC3875E11929DE65001B28E5 /* ThumbsMainToolbar.m in Sources */ = {isa = PBXBuildFile; fileRef = EC3875CB1929DE65001B28E5 /* ThumbsMainToolbar.m */; };
		EC3875E21929DE65001B28E5 /* ThumbsViewController.m in Sources */ = {isa = PBXBuildFile; fileRef = EC3875CD1929DE65001B28E5 /* ThumbsViewController.m */; };
		EC3875E31929DE65001B28E5 /* UIXToolbarView.m in Sources */ = {isa = PBXBuildFile; fileRef = EC3875CF1929DE65001B28E5 /* UIXToolbarView.m */; };
		EC3875E61929F37C001B28E5 /* XSShortcutSearchViewController.m in Sources */ = {isa = PBXBuildFile; fileRef = EC3875E51929F37C001B28E5 /* XSShortcutSearchViewController.m */; };
		EC3875E9192A0D66001B28E5 /* XSEFTestimonialViewController.m in Sources */ = {isa = PBXBuildFile; fileRef = EC3875E8192A0D66001B28E5 /* XSEFTestimonialViewController.m */; };
		EC3875EC192A0EEB001B28E5 /* XSVideoViewController.m in Sources */ = {isa = PBXBuildFile; fileRef = EC3875EB192A0EEB001B28E5 /* XSVideoViewController.m */; };
		EC3875EF192ABDF7001B28E5 /* XSDFTestimonialViewController.m in Sources */ = {isa = PBXBuildFile; fileRef = EC3875EE192ABDF7001B28E5 /* XSDFTestimonialViewController.m */; };
		EC3875F2192ABE14001B28E5 /* XSFSTestimonialViewController.m in Sources */ = {isa = PBXBuildFile; fileRef = EC3875F1192ABE14001B28E5 /* XSFSTestimonialViewController.m */; };
		EC3875F5192ABE33001B28E5 /* XSCFTestimonialViewController.m in Sources */ = {isa = PBXBuildFile; fileRef = EC3875F4192ABE33001B28E5 /* XSCFTestimonialViewController.m */; };
		EC3875FE192AD594001B28E5 /* business-connect-link-32x32.png in Resources */ = {isa = PBXBuildFile; fileRef = EC3875F6192AD594001B28E5 /* business-connect-link-32x32.png */; };
		EC3875FF192AD594001B28E5 /* business-connect-link-64x64.png in Resources */ = {isa = PBXBuildFile; fileRef = EC3875F7192AD594001B28E5 /* business-connect-link-64x64.png */; };
		EC387600192AD594001B28E5 /* business-connect-module-32x32.png in Resources */ = {isa = PBXBuildFile; fileRef = EC3875F8192AD594001B28E5 /* business-connect-module-32x32.png */; };
		EC387601192AD594001B28E5 /* business-connect-module-64x64.png in Resources */ = {isa = PBXBuildFile; fileRef = EC3875F9192AD594001B28E5 /* business-connect-module-64x64.png */; };
		EC387602192AD594001B28E5 /* business-connect-polygon-32x32.png in Resources */ = {isa = PBXBuildFile; fileRef = EC3875FA192AD594001B28E5 /* business-connect-polygon-32x32.png */; };
		EC387603192AD594001B28E5 /* business-connect-polygon-64x64.png in Resources */ = {isa = PBXBuildFile; fileRef = EC3875FB192AD594001B28E5 /* business-connect-polygon-64x64.png */; };
		EC387604192AD594001B28E5 /* business-connect-sitemap-32x32.png in Resources */ = {isa = PBXBuildFile; fileRef = EC3875FC192AD594001B28E5 /* business-connect-sitemap-32x32.png */; };
		EC387605192AD594001B28E5 /* business-connect-sitemap-64x64.png in Resources */ = {isa = PBXBuildFile; fileRef = EC3875FD192AD594001B28E5 /* business-connect-sitemap-64x64.png */; };
		EC387608192ADC53001B28E5 /* XSEFQuestionsViewController.m in Sources */ = {isa = PBXBuildFile; fileRef = EC387607192ADC53001B28E5 /* XSEFQuestionsViewController.m */; };
		EC38760B192ADC81001B28E5 /* XSEFProductViewController.m in Sources */ = {isa = PBXBuildFile; fileRef = EC38760A192ADC81001B28E5 /* XSEFProductViewController.m */; };
		EC387610192AE30B001B28E5 /* CF.png in Resources */ = {isa = PBXBuildFile; fileRef = EC38760C192AE30B001B28E5 /* CF.png */; };
		EC387611192AE30B001B28E5 /* CorpF.png in Resources */ = {isa = PBXBuildFile; fileRef = EC38760D192AE30B001B28E5 /* CorpF.png */; };
		EC387612192AE30B001B28E5 /* DF.png in Resources */ = {isa = PBXBuildFile; fileRef = EC38760E192AE30B001B28E5 /* DF.png */; };
		EC387613192AE30B001B28E5 /* EF.png in Resources */ = {isa = PBXBuildFile; fileRef = EC38760F192AE30B001B28E5 /* EF.png */; };
		EC387622192AEA45001B28E5 /* CF.jpg in Resources */ = {isa = PBXBuildFile; fileRef = EC38761E192AEA45001B28E5 /* CF.jpg */; };
		EC387623192AEA45001B28E5 /* CorpF.jpg in Resources */ = {isa = PBXBuildFile; fileRef = EC38761F192AEA45001B28E5 /* CorpF.jpg */; };
		EC387624192AEA45001B28E5 /* DF.jpg in Resources */ = {isa = PBXBuildFile; fileRef = EC387620192AEA45001B28E5 /* DF.jpg */; };
		EC387625192AEA45001B28E5 /* EF.jpg in Resources */ = {isa = PBXBuildFile; fileRef = EC387621192AEA45001B28E5 /* EF.jpg */; };
		EC38762B192AEFE0001B28E5 /* brochure_CF_Assetsbasedlending.pdf in Resources */ = {isa = PBXBuildFile; fileRef = EC387626192AEFE0001B28E5 /* brochure_CF_Assetsbasedlending.pdf */; };
		EC38762C192AEFE0001B28E5 /* brochure_CF_Aviation.pdf in Resources */ = {isa = PBXBuildFile; fileRef = EC387627192AEFE0001B28E5 /* brochure_CF_Aviation.pdf */; };
		EC38762D192AEFE0001B28E5 /* brochure_CF_DebtorFinance.pdf in Resources */ = {isa = PBXBuildFile; fileRef = EC387628192AEFE0001B28E5 /* brochure_CF_DebtorFinance.pdf */; };
		EC38762E192AEFE0001B28E5 /* brochure_DF.pdf in Resources */ = {isa = PBXBuildFile; fileRef = EC387629192AEFE0001B28E5 /* brochure_DF.pdf */; };
		EC38762F192AEFE0001B28E5 /* brochure_EF.pdf in Resources */ = {isa = PBXBuildFile; fileRef = EC38762A192AEFE0001B28E5 /* brochure_EF.pdf */; };
		EC387632192AFB70001B28E5 /* XSDFViewController.m in Sources */ = {isa = PBXBuildFile; fileRef = EC387631192AFB70001B28E5 /* XSDFViewController.m */; };
		EC387635192AFDF7001B28E5 /* XSFSViewController.m in Sources */ = {isa = PBXBuildFile; fileRef = EC387634192AFDF7001B28E5 /* XSFSViewController.m */; };
		EC387638192AFF57001B28E5 /* XSCFViewController.m in Sources */ = {isa = PBXBuildFile; fileRef = EC387637192AFF57001B28E5 /* XSCFViewController.m */; };
		EC38763D192B083C001B28E5 /* corporate-and-business-lendingt-500x532.png in Resources */ = {isa = PBXBuildFile; fileRef = EC387639192B083C001B28E5 /* corporate-and-business-lendingt-500x532.png */; };
		EC38763E192B083C001B28E5 /* equipment-and-aviation-finance-500x532.png in Resources */ = {isa = PBXBuildFile; fileRef = EC38763A192B083C001B28E5 /* equipment-and-aviation-finance-500x532.png */; };
		EC38763F192B083C001B28E5 /* fleet-500x532.png in Resources */ = {isa = PBXBuildFile; fileRef = EC38763B192B083C001B28E5 /* fleet-500x532.png */; };
		EC387640192B083C001B28E5 /* supply-chain-finance-500x532.png in Resources */ = {isa = PBXBuildFile; fileRef = EC38763C192B083C001B28E5 /* supply-chain-finance-500x532.png */; };
		EC387645192B0F37001B28E5 /* corporate-and-business-lending-512x285.gif in Resources */ = {isa = PBXBuildFile; fileRef = EC387641192B0F37001B28E5 /* corporate-and-business-lending-512x285.gif */; };
		EC387646192B0F37001B28E5 /* equipment-and-aviation-finance-512x285.gif in Resources */ = {isa = PBXBuildFile; fileRef = EC387642192B0F37001B28E5 /* equipment-and-aviation-finance-512x285.gif */; };
		EC387647192B0F37001B28E5 /* fleet-solutions-512x285.gif in Resources */ = {isa = PBXBuildFile; fileRef = EC387643192B0F37001B28E5 /* fleet-solutions-512x285.gif */; };
		EC387648192B0F37001B28E5 /* supply-chain-finance-512x285.gif in Resources */ = {isa = PBXBuildFile; fileRef = EC387644192B0F37001B28E5 /* supply-chain-finance-512x285.gif */; };
		EC38764C192B145D001B28E5 /* Access GE.png in Resources */ = {isa = PBXBuildFile; fileRef = EC387649192B145D001B28E5 /* Access GE.png */; };
		EC38764D192B145D001B28E5 /* CBLS.png in Resources */ = {isa = PBXBuildFile; fileRef = EC38764A192B145D001B28E5 /* CBLS.png */; };
		EC38764E192B145D001B28E5 /* Mid Market.png in Resources */ = {isa = PBXBuildFile; fileRef = EC38764B192B145D001B28E5 /* Mid Market.png */; };
		EC387650192B1917001B28E5 /* cityscape.png in Resources */ = {isa = PBXBuildFile; fileRef = EC38764F192B1917001B28E5 /* cityscape.png */; };
		EC387652192B1BCD001B28E5 /* AccessGE.pdf in Resources */ = {isa = PBXBuildFile; fileRef = EC387651192B1BCD001B28E5 /* AccessGE.pdf */; };
		EC387654192B1C53001B28E5 /* MidMarket.pdf in Resources */ = {isa = PBXBuildFile; fileRef = EC387653192B1C53001B28E5 /* MidMarket.pdf */; };
		EC387657192B1C70001B28E5 /* XSResourceViewController.m in Sources */ = {isa = PBXBuildFile; fileRef = EC387656192B1C70001B28E5 /* XSResourceViewController.m */; };
		EC38765A192B1FBB001B28E5 /* app-icon.png in Resources */ = {isa = PBXBuildFile; fileRef = EC387658192B1FBA001B28E5 /* app-icon.png */; };
		EC38765B192B1FBB001B28E5 /* app-icon@2x.png in Resources */ = {isa = PBXBuildFile; fileRef = EC387659192B1FBB001B28E5 /* app-icon@2x.png */; };
		EC38765E192B26A5001B28E5 /* XSCBLSFormViewController.m in Sources */ = {isa = PBXBuildFile; fileRef = EC38765D192B26A5001B28E5 /* XSCBLSFormViewController.m */; };
		EC490041192B3C9100004356 /* banner-1024x87.png in Resources */ = {isa = PBXBuildFile; fileRef = EC490040192B3C9100004356 /* banner-1024x87.png */; };
		EC490046192B3D4C00004356 /* corporate-finance-512x285.png in Resources */ = {isa = PBXBuildFile; fileRef = EC490042192B3D4C00004356 /* corporate-finance-512x285.png */; };
		EC490047192B3D4C00004356 /* distribution-finance-512x285.png in Resources */ = {isa = PBXBuildFile; fileRef = EC490043192B3D4C00004356 /* distribution-finance-512x285.png */; };
		EC490048192B3D4C00004356 /* equipment-finance-512x285.png in Resources */ = {isa = PBXBuildFile; fileRef = EC490044192B3D4C00004356 /* equipment-finance-512x285.png */; };
		EC490049192B3D4C00004356 /* fleet-solutions-512x285.png in Resources */ = {isa = PBXBuildFile; fileRef = EC490045192B3D4C00004356 /* fleet-solutions-512x285.png */; };
		EC49004E192B3F2200004356 /* corporate-finance-500x532.png in Resources */ = {isa = PBXBuildFile; fileRef = EC49004A192B3F2200004356 /* corporate-finance-500x532.png */; };
		EC49004F192B3F2200004356 /* distribution-finance-500x532.png in Resources */ = {isa = PBXBuildFile; fileRef = EC49004B192B3F2200004356 /* distribution-finance-500x532.png */; };
		EC490050192B3F2200004356 /* equipment-finance-500x532.png in Resources */ = {isa = PBXBuildFile; fileRef = EC49004C192B3F2200004356 /* equipment-finance-500x532.png */; };
		EC490051192B3F2200004356 /* fleet-solutions-500x532.png in Resources */ = {isa = PBXBuildFile; fileRef = EC49004D192B3F2200004356 /* fleet-solutions-500x532.png */; };
		EC490053192B413200004356 /* Cbls_Background.png in Resources */ = {isa = PBXBuildFile; fileRef = EC490052192B413200004356 /* Cbls_Background.png */; };
		EC490056192B42DD00004356 /* XSWebViewController.m in Sources */ = {isa = PBXBuildFile; fileRef = EC490055192B42DD00004356 /* XSWebViewController.m */; };
		EC49005A192B4D6D00004356 /* KnowledgeBase.png in Resources */ = {isa = PBXBuildFile; fileRef = EC490057192B4D6D00004356 /* KnowledgeBase.png */; };
		EC49005B192B4D6D00004356 /* Linkedin.png in Resources */ = {isa = PBXBuildFile; fileRef = EC490058192B4D6D00004356 /* Linkedin.png */; };
		EC49005C192B4D6D00004356 /* Personal Dashboard.png in Resources */ = {isa = PBXBuildFile; fileRef = EC490059192B4D6D00004356 /* Personal Dashboard.png */; };
		EC49005F192B50A100004356 /* XSEFContactViewController.m in Sources */ = {isa = PBXBuildFile; fileRef = EC49005E192B50A100004356 /* XSEFContactViewController.m */; };
		EC490063192B51D000004356 /* Business01.png in Resources */ = {isa = PBXBuildFile; fileRef = EC490060192B51D000004356 /* Business01.png */; };
		EC490064192B51D000004356 /* Business02.png in Resources */ = {isa = PBXBuildFile; fileRef = EC490061192B51D000004356 /* Business02.png */; };
		EC490065192B51D000004356 /* Business03.png in Resources */ = {isa = PBXBuildFile; fileRef = EC490062192B51D000004356 /* Business03.png */; };
/* End PBXBuildFile section */

/* Begin PBXContainerItemProxy section */
		EC0F24271927021B00C19426 /* PBXContainerItemProxy */ = {
			isa = PBXContainerItemProxy;
			containerPortal = EC0F23F91927021B00C19426 /* Project object */;
			proxyType = 1;
			remoteGlobalIDString = EC0F24001927021B00C19426;
			remoteInfo = XSell;
		};
/* End PBXContainerItemProxy section */

/* Begin PBXFileReference section */
		EC0F24011927021B00C19426 /* XSell.app */ = {isa = PBXFileReference; explicitFileType = wrapper.application; includeInIndex = 0; path = XSell.app; sourceTree = BUILT_PRODUCTS_DIR; };
		EC0F24041927021B00C19426 /* Foundation.framework */ = {isa = PBXFileReference; lastKnownFileType = wrapper.framework; name = Foundation.framework; path = System/Library/Frameworks/Foundation.framework; sourceTree = SDKROOT; };
		EC0F24061927021B00C19426 /* CoreGraphics.framework */ = {isa = PBXFileReference; lastKnownFileType = wrapper.framework; name = CoreGraphics.framework; path = System/Library/Frameworks/CoreGraphics.framework; sourceTree = SDKROOT; };
		EC0F24081927021B00C19426 /* UIKit.framework */ = {isa = PBXFileReference; lastKnownFileType = wrapper.framework; name = UIKit.framework; path = System/Library/Frameworks/UIKit.framework; sourceTree = SDKROOT; };
		EC0F240A1927021B00C19426 /* CoreData.framework */ = {isa = PBXFileReference; lastKnownFileType = wrapper.framework; name = CoreData.framework; path = System/Library/Frameworks/CoreData.framework; sourceTree = SDKROOT; };
		EC0F240E1927021B00C19426 /* XSell-Info.plist */ = {isa = PBXFileReference; lastKnownFileType = text.plist.xml; path = "XSell-Info.plist"; sourceTree = "<group>"; };
		EC0F24101927021B00C19426 /* en */ = {isa = PBXFileReference; lastKnownFileType = text.plist.strings; name = en; path = en.lproj/InfoPlist.strings; sourceTree = "<group>"; };
		EC0F24121927021B00C19426 /* main.m */ = {isa = PBXFileReference; lastKnownFileType = sourcecode.c.objc; path = main.m; sourceTree = "<group>"; };
		EC0F24141927021B00C19426 /* XSell-Prefix.pch */ = {isa = PBXFileReference; lastKnownFileType = sourcecode.c.h; path = "XSell-Prefix.pch"; sourceTree = "<group>"; };
		EC0F24151927021B00C19426 /* XSAppDelegate.h */ = {isa = PBXFileReference; lastKnownFileType = sourcecode.c.h; path = XSAppDelegate.h; sourceTree = "<group>"; };
		EC0F24161927021B00C19426 /* XSAppDelegate.m */ = {isa = PBXFileReference; lastKnownFileType = sourcecode.c.objc; path = XSAppDelegate.m; sourceTree = "<group>"; };
		EC0F24191927021B00C19426 /* XSell.xcdatamodel */ = {isa = PBXFileReference; lastKnownFileType = wrapper.xcdatamodel; path = XSell.xcdatamodel; sourceTree = "<group>"; };
		EC0F241B1927021B00C19426 /* Images.xcassets */ = {isa = PBXFileReference; lastKnownFileType = folder.assetcatalog; path = Images.xcassets; sourceTree = "<group>"; };
		EC0F24211927021B00C19426 /* XSellTests.xctest */ = {isa = PBXFileReference; explicitFileType = wrapper.cfbundle; includeInIndex = 0; path = XSellTests.xctest; sourceTree = BUILT_PRODUCTS_DIR; };
		EC0F24221927021B00C19426 /* XCTest.framework */ = {isa = PBXFileReference; lastKnownFileType = wrapper.framework; name = XCTest.framework; path = Library/Frameworks/XCTest.framework; sourceTree = DEVELOPER_DIR; };
		EC0F242B1927021B00C19426 /* XSellTests-Info.plist */ = {isa = PBXFileReference; lastKnownFileType = text.plist.xml; path = "XSellTests-Info.plist"; sourceTree = "<group>"; };
		EC0F242D1927021B00C19426 /* en */ = {isa = PBXFileReference; lastKnownFileType = text.plist.strings; name = en; path = en.lproj/InfoPlist.strings; sourceTree = "<group>"; };
		EC0F242F1927021B00C19426 /* XSellTests.m */ = {isa = PBXFileReference; lastKnownFileType = sourcecode.c.objc; path = XSellTests.m; sourceTree = "<group>"; };
		EC38756E192990FD001B28E5 /* XSell.storyboard */ = {isa = PBXFileReference; fileEncoding = 4; lastKnownFileType = file.storyboard; path = XSell.storyboard; sourceTree = "<group>"; };
		EC38757919299C01001B28E5 /* XSBusinessViewController.h */ = {isa = PBXFileReference; fileEncoding = 4; lastKnownFileType = sourcecode.c.h; path = XSBusinessViewController.h; sourceTree = "<group>"; };
		EC38757A19299C01001B28E5 /* XSBusinessViewController.m */ = {isa = PBXFileReference; fileEncoding = 4; lastKnownFileType = sourcecode.c.objc; path = XSBusinessViewController.m; sourceTree = "<group>"; };
		EC38757C1929B4BA001B28E5 /* XSHomeViewController.h */ = {isa = PBXFileReference; fileEncoding = 4; lastKnownFileType = sourcecode.c.h; path = XSHomeViewController.h; sourceTree = "<group>"; };
		EC38757D1929B4BA001B28E5 /* XSHomeViewController.m */ = {isa = PBXFileReference; fileEncoding = 4; lastKnownFileType = sourcecode.c.objc; path = XSHomeViewController.m; sourceTree = "<group>"; };
		EC38757F1929B4DE001B28E5 /* XSActionListViewController.h */ = {isa = PBXFileReference; fileEncoding = 4; lastKnownFileType = sourcecode.c.h; path = XSActionListViewController.h; sourceTree = "<group>"; };
		EC3875801929B4DE001B28E5 /* XSActionListViewController.m */ = {isa = PBXFileReference; fileEncoding = 4; lastKnownFileType = sourcecode.c.objc; path = XSActionListViewController.m; sourceTree = "<group>"; };
		EC3875821929B4ED001B28E5 /* XSSearchViewController.h */ = {isa = PBXFileReference; fileEncoding = 4; lastKnownFileType = sourcecode.c.h; path = XSSearchViewController.h; sourceTree = "<group>"; };
		EC3875831929B4ED001B28E5 /* XSSearchViewController.m */ = {isa = PBXFileReference; fileEncoding = 4; lastKnownFileType = sourcecode.c.objc; path = XSSearchViewController.m; sourceTree = "<group>"; };
		EC3875851929B50F001B28E5 /* XSReferenceViewController.h */ = {isa = PBXFileReference; fileEncoding = 4; lastKnownFileType = sourcecode.c.h; path = XSReferenceViewController.h; sourceTree = "<group>"; };
		EC3875861929B50F001B28E5 /* XSReferenceViewController.m */ = {isa = PBXFileReference; fileEncoding = 4; lastKnownFileType = sourcecode.c.objc; path = XSReferenceViewController.m; sourceTree = "<group>"; };
		EC3875881929C697001B28E5 /* PDFTouch.framework */ = {isa = PBXFileReference; lastKnownFileType = wrapper.framework; path = PDFTouch.framework; sourceTree = "<group>"; };
		EC38758C1929C724001B28E5 /* XSEFViewController.h */ = {isa = PBXFileReference; fileEncoding = 4; lastKnownFileType = sourcecode.c.h; path = XSEFViewController.h; sourceTree = "<group>"; };
		EC38758D1929C724001B28E5 /* XSEFViewController.m */ = {isa = PBXFileReference; fileEncoding = 4; lastKnownFileType = sourcecode.c.objc; path = XSEFViewController.m; sourceTree = "<group>"; };
		EC38758F1929C853001B28E5 /* MessageUI.framework */ = {isa = PBXFileReference; lastKnownFileType = wrapper.framework; name = MessageUI.framework; path = System/Library/Frameworks/MessageUI.framework; sourceTree = SDKROOT; };
		EC3875911929C85C001B28E5 /* MapKit.framework */ = {isa = PBXFileReference; lastKnownFileType = wrapper.framework; name = MapKit.framework; path = System/Library/Frameworks/MapKit.framework; sourceTree = SDKROOT; };
		EC3875931929C876001B28E5 /* CoreLocation.framework */ = {isa = PBXFileReference; lastKnownFileType = wrapper.framework; name = CoreLocation.framework; path = System/Library/Frameworks/CoreLocation.framework; sourceTree = SDKROOT; };
		EC3875951929C88C001B28E5 /* MediaPlayer.framework */ = {isa = PBXFileReference; lastKnownFileType = wrapper.framework; name = MediaPlayer.framework; path = System/Library/Frameworks/MediaPlayer.framework; sourceTree = SDKROOT; };
		EC3875971929C898001B28E5 /* CoreText.framework */ = {isa = PBXFileReference; lastKnownFileType = wrapper.framework; name = CoreText.framework; path = System/Library/Frameworks/CoreText.framework; sourceTree = SDKROOT; };
		EC3875991929C8A7001B28E5 /* QuartzCore.framework */ = {isa = PBXFileReference; lastKnownFileType = wrapper.framework; name = QuartzCore.framework; path = System/Library/Frameworks/QuartzCore.framework; sourceTree = SDKROOT; };
		EC38759B1929C9FD001B28E5 /* Developers.pdf */ = {isa = PBXFileReference; lastKnownFileType = image.pdf; path = Developers.pdf; sourceTree = "<group>"; };
		EC38759E1929DE43001B28E5 /* ReaderAppDelegate.h */ = {isa = PBXFileReference; fileEncoding = 4; lastKnownFileType = sourcecode.c.h; path = ReaderAppDelegate.h; sourceTree = "<group>"; };
		EC38759F1929DE43001B28E5 /* ReaderAppDelegate.m */ = {isa = PBXFileReference; fileEncoding = 4; lastKnownFileType = sourcecode.c.objc; path = ReaderAppDelegate.m; sourceTree = "<group>"; };
		EC3875A01929DE43001B28E5 /* ReaderBookDelegate.h */ = {isa = PBXFileReference; fileEncoding = 4; lastKnownFileType = sourcecode.c.h; path = ReaderBookDelegate.h; sourceTree = "<group>"; };
		EC3875A11929DE43001B28E5 /* ReaderBookDelegate.m */ = {isa = PBXFileReference; fileEncoding = 4; lastKnownFileType = sourcecode.c.objc; path = ReaderBookDelegate.m; sourceTree = "<group>"; };
		EC3875A21929DE43001B28E5 /* ReaderDemoController.h */ = {isa = PBXFileReference; fileEncoding = 4; lastKnownFileType = sourcecode.c.h; path = ReaderDemoController.h; sourceTree = "<group>"; };
		EC3875A31929DE43001B28E5 /* ReaderDemoController.m */ = {isa = PBXFileReference; fileEncoding = 4; lastKnownFileType = sourcecode.c.objc; path = ReaderDemoController.m; sourceTree = "<group>"; };
		EC3875A81929DE65001B28E5 /* CGPDFDocument.h */ = {isa = PBXFileReference; fileEncoding = 4; lastKnownFileType = sourcecode.c.h; path = CGPDFDocument.h; sourceTree = "<group>"; };
		EC3875A91929DE65001B28E5 /* CGPDFDocument.m */ = {isa = PBXFileReference; fileEncoding = 4; lastKnownFileType = sourcecode.c.objc; path = CGPDFDocument.m; sourceTree = "<group>"; };
		EC3875AA1929DE65001B28E5 /* ReaderConstants.h */ = {isa = PBXFileReference; fileEncoding = 4; lastKnownFileType = sourcecode.c.h; path = ReaderConstants.h; sourceTree = "<group>"; };
		EC3875AB1929DE65001B28E5 /* ReaderConstants.m */ = {isa = PBXFileReference; fileEncoding = 4; lastKnownFileType = sourcecode.c.objc; path = ReaderConstants.m; sourceTree = "<group>"; };
		EC3875AC1929DE65001B28E5 /* ReaderContentPage.h */ = {isa = PBXFileReference; fileEncoding = 4; lastKnownFileType = sourcecode.c.h; path = ReaderContentPage.h; sourceTree = "<group>"; };
		EC3875AD1929DE65001B28E5 /* ReaderContentPage.m */ = {isa = PBXFileReference; fileEncoding = 4; lastKnownFileType = sourcecode.c.objc; path = ReaderContentPage.m; sourceTree = "<group>"; };
		EC3875AE1929DE65001B28E5 /* ReaderContentTile.h */ = {isa = PBXFileReference; fileEncoding = 4; lastKnownFileType = sourcecode.c.h; path = ReaderContentTile.h; sourceTree = "<group>"; };
		EC3875AF1929DE65001B28E5 /* ReaderContentTile.m */ = {isa = PBXFileReference; fileEncoding = 4; lastKnownFileType = sourcecode.c.objc; path = ReaderContentTile.m; sourceTree = "<group>"; };
		EC3875B01929DE65001B28E5 /* ReaderContentView.h */ = {isa = PBXFileReference; fileEncoding = 4; lastKnownFileType = sourcecode.c.h; path = ReaderContentView.h; sourceTree = "<group>"; };
		EC3875B11929DE65001B28E5 /* ReaderContentView.m */ = {isa = PBXFileReference; fileEncoding = 4; lastKnownFileType = sourcecode.c.objc; path = ReaderContentView.m; sourceTree = "<group>"; };
		EC3875B21929DE65001B28E5 /* ReaderDocument.h */ = {isa = PBXFileReference; fileEncoding = 4; lastKnownFileType = sourcecode.c.h; path = ReaderDocument.h; sourceTree = "<group>"; };
		EC3875B31929DE65001B28E5 /* ReaderDocument.m */ = {isa = PBXFileReference; fileEncoding = 4; lastKnownFileType = sourcecode.c.objc; path = ReaderDocument.m; sourceTree = "<group>"; };
		EC3875B41929DE65001B28E5 /* ReaderDocumentOutline.h */ = {isa = PBXFileReference; fileEncoding = 4; lastKnownFileType = sourcecode.c.h; path = ReaderDocumentOutline.h; sourceTree = "<group>"; };
		EC3875B51929DE65001B28E5 /* ReaderDocumentOutline.m */ = {isa = PBXFileReference; fileEncoding = 4; lastKnownFileType = sourcecode.c.objc; path = ReaderDocumentOutline.m; sourceTree = "<group>"; };
		EC3875B61929DE65001B28E5 /* ReaderMainPagebar.h */ = {isa = PBXFileReference; fileEncoding = 4; lastKnownFileType = sourcecode.c.h; path = ReaderMainPagebar.h; sourceTree = "<group>"; };
		EC3875B71929DE65001B28E5 /* ReaderMainPagebar.m */ = {isa = PBXFileReference; fileEncoding = 4; lastKnownFileType = sourcecode.c.objc; path = ReaderMainPagebar.m; sourceTree = "<group>"; };
		EC3875B81929DE65001B28E5 /* ReaderMainToolbar.h */ = {isa = PBXFileReference; fileEncoding = 4; lastKnownFileType = sourcecode.c.h; path = ReaderMainToolbar.h; sourceTree = "<group>"; };
		EC3875B91929DE65001B28E5 /* ReaderMainToolbar.m */ = {isa = PBXFileReference; fileEncoding = 4; lastKnownFileType = sourcecode.c.objc; path = ReaderMainToolbar.m; sourceTree = "<group>"; };
		EC3875BA1929DE65001B28E5 /* ReaderThumbCache.h */ = {isa = PBXFileReference; fileEncoding = 4; lastKnownFileType = sourcecode.c.h; path = ReaderThumbCache.h; sourceTree = "<group>"; };
		EC3875BB1929DE65001B28E5 /* ReaderThumbCache.m */ = {isa = PBXFileReference; fileEncoding = 4; lastKnownFileType = sourcecode.c.objc; path = ReaderThumbCache.m; sourceTree = "<group>"; };
		EC3875BC1929DE65001B28E5 /* ReaderThumbFetch.h */ = {isa = PBXFileReference; fileEncoding = 4; lastKnownFileType = sourcecode.c.h; path = ReaderThumbFetch.h; sourceTree = "<group>"; };
		EC3875BD1929DE65001B28E5 /* ReaderThumbFetch.m */ = {isa = PBXFileReference; fileEncoding = 4; lastKnownFileType = sourcecode.c.objc; path = ReaderThumbFetch.m; sourceTree = "<group>"; };
		EC3875BE1929DE65001B28E5 /* ReaderThumbQueue.h */ = {isa = PBXFileReference; fileEncoding = 4; lastKnownFileType = sourcecode.c.h; path = ReaderThumbQueue.h; sourceTree = "<group>"; };
		EC3875BF1929DE65001B28E5 /* ReaderThumbQueue.m */ = {isa = PBXFileReference; fileEncoding = 4; lastKnownFileType = sourcecode.c.objc; path = ReaderThumbQueue.m; sourceTree = "<group>"; };
		EC3875C01929DE65001B28E5 /* ReaderThumbRender.h */ = {isa = PBXFileReference; fileEncoding = 4; lastKnownFileType = sourcecode.c.h; path = ReaderThumbRender.h; sourceTree = "<group>"; };
		EC3875C11929DE65001B28E5 /* ReaderThumbRender.m */ = {isa = PBXFileReference; fileEncoding = 4; lastKnownFileType = sourcecode.c.objc; path = ReaderThumbRender.m; sourceTree = "<group>"; };
		EC3875C21929DE65001B28E5 /* ReaderThumbRequest.h */ = {isa = PBXFileReference; fileEncoding = 4; lastKnownFileType = sourcecode.c.h; path = ReaderThumbRequest.h; sourceTree = "<group>"; };
		EC3875C31929DE65001B28E5 /* ReaderThumbRequest.m */ = {isa = PBXFileReference; fileEncoding = 4; lastKnownFileType = sourcecode.c.objc; path = ReaderThumbRequest.m; sourceTree = "<group>"; };
		EC3875C41929DE65001B28E5 /* ReaderThumbsView.h */ = {isa = PBXFileReference; fileEncoding = 4; lastKnownFileType = sourcecode.c.h; path = ReaderThumbsView.h; sourceTree = "<group>"; };
		EC3875C51929DE65001B28E5 /* ReaderThumbsView.m */ = {isa = PBXFileReference; fileEncoding = 4; lastKnownFileType = sourcecode.c.objc; path = ReaderThumbsView.m; sourceTree = "<group>"; };
		EC3875C61929DE65001B28E5 /* ReaderThumbView.h */ = {isa = PBXFileReference; fileEncoding = 4; lastKnownFileType = sourcecode.c.h; path = ReaderThumbView.h; sourceTree = "<group>"; };
		EC3875C71929DE65001B28E5 /* ReaderThumbView.m */ = {isa = PBXFileReference; fileEncoding = 4; lastKnownFileType = sourcecode.c.objc; path = ReaderThumbView.m; sourceTree = "<group>"; };
		EC3875C81929DE65001B28E5 /* ReaderViewController.h */ = {isa = PBXFileReference; fileEncoding = 4; lastKnownFileType = sourcecode.c.h; path = ReaderViewController.h; sourceTree = "<group>"; };
		EC3875C91929DE65001B28E5 /* ReaderViewController.m */ = {isa = PBXFileReference; fileEncoding = 4; lastKnownFileType = sourcecode.c.objc; path = ReaderViewController.m; sourceTree = "<group>"; };
		EC3875CA1929DE65001B28E5 /* ThumbsMainToolbar.h */ = {isa = PBXFileReference; fileEncoding = 4; lastKnownFileType = sourcecode.c.h; path = ThumbsMainToolbar.h; sourceTree = "<group>"; };
		EC3875CB1929DE65001B28E5 /* ThumbsMainToolbar.m */ = {isa = PBXFileReference; fileEncoding = 4; lastKnownFileType = sourcecode.c.objc; path = ThumbsMainToolbar.m; sourceTree = "<group>"; };
		EC3875CC1929DE65001B28E5 /* ThumbsViewController.h */ = {isa = PBXFileReference; fileEncoding = 4; lastKnownFileType = sourcecode.c.h; path = ThumbsViewController.h; sourceTree = "<group>"; };
		EC3875CD1929DE65001B28E5 /* ThumbsViewController.m */ = {isa = PBXFileReference; fileEncoding = 4; lastKnownFileType = sourcecode.c.objc; path = ThumbsViewController.m; sourceTree = "<group>"; };
		EC3875CE1929DE65001B28E5 /* UIXToolbarView.h */ = {isa = PBXFileReference; fileEncoding = 4; lastKnownFileType = sourcecode.c.h; path = UIXToolbarView.h; sourceTree = "<group>"; };
		EC3875CF1929DE65001B28E5 /* UIXToolbarView.m */ = {isa = PBXFileReference; fileEncoding = 4; lastKnownFileType = sourcecode.c.objc; path = UIXToolbarView.m; sourceTree = "<group>"; };
		EC3875E41929F37C001B28E5 /* XSShortcutSearchViewController.h */ = {isa = PBXFileReference; fileEncoding = 4; lastKnownFileType = sourcecode.c.h; path = XSShortcutSearchViewController.h; sourceTree = "<group>"; };
		EC3875E51929F37C001B28E5 /* XSShortcutSearchViewController.m */ = {isa = PBXFileReference; fileEncoding = 4; lastKnownFileType = sourcecode.c.objc; path = XSShortcutSearchViewController.m; sourceTree = "<group>"; };
		EC3875E7192A0D66001B28E5 /* XSEFTestimonialViewController.h */ = {isa = PBXFileReference; fileEncoding = 4; lastKnownFileType = sourcecode.c.h; path = XSEFTestimonialViewController.h; sourceTree = "<group>"; };
		EC3875E8192A0D66001B28E5 /* XSEFTestimonialViewController.m */ = {isa = PBXFileReference; fileEncoding = 4; lastKnownFileType = sourcecode.c.objc; path = XSEFTestimonialViewController.m; sourceTree = "<group>"; };
		EC3875EA192A0EEB001B28E5 /* XSVideoViewController.h */ = {isa = PBXFileReference; fileEncoding = 4; lastKnownFileType = sourcecode.c.h; path = XSVideoViewController.h; sourceTree = "<group>"; };
		EC3875EB192A0EEB001B28E5 /* XSVideoViewController.m */ = {isa = PBXFileReference; fileEncoding = 4; lastKnownFileType = sourcecode.c.objc; path = XSVideoViewController.m; sourceTree = "<group>"; };
		EC3875ED192ABDF7001B28E5 /* XSDFTestimonialViewController.h */ = {isa = PBXFileReference; fileEncoding = 4; lastKnownFileType = sourcecode.c.h; path = XSDFTestimonialViewController.h; sourceTree = "<group>"; };
		EC3875EE192ABDF7001B28E5 /* XSDFTestimonialViewController.m */ = {isa = PBXFileReference; fileEncoding = 4; lastKnownFileType = sourcecode.c.objc; path = XSDFTestimonialViewController.m; sourceTree = "<group>"; };
		EC3875F0192ABE14001B28E5 /* XSFSTestimonialViewController.h */ = {isa = PBXFileReference; fileEncoding = 4; lastKnownFileType = sourcecode.c.h; path = XSFSTestimonialViewController.h; sourceTree = "<group>"; };
		EC3875F1192ABE14001B28E5 /* XSFSTestimonialViewController.m */ = {isa = PBXFileReference; fileEncoding = 4; lastKnownFileType = sourcecode.c.objc; path = XSFSTestimonialViewController.m; sourceTree = "<group>"; };
		EC3875F3192ABE33001B28E5 /* XSCFTestimonialViewController.h */ = {isa = PBXFileReference; fileEncoding = 4; lastKnownFileType = sourcecode.c.h; path = XSCFTestimonialViewController.h; sourceTree = "<group>"; };
		EC3875F4192ABE33001B28E5 /* XSCFTestimonialViewController.m */ = {isa = PBXFileReference; fileEncoding = 4; lastKnownFileType = sourcecode.c.objc; path = XSCFTestimonialViewController.m; sourceTree = "<group>"; };
		EC3875F6192AD594001B28E5 /* business-connect-link-32x32.png */ = {isa = PBXFileReference; lastKnownFileType = image.png; path = "business-connect-link-32x32.png"; sourceTree = "<group>"; };
		EC3875F7192AD594001B28E5 /* business-connect-link-64x64.png */ = {isa = PBXFileReference; lastKnownFileType = image.png; path = "business-connect-link-64x64.png"; sourceTree = "<group>"; };
		EC3875F8192AD594001B28E5 /* business-connect-module-32x32.png */ = {isa = PBXFileReference; lastKnownFileType = image.png; path = "business-connect-module-32x32.png"; sourceTree = "<group>"; };
		EC3875F9192AD594001B28E5 /* business-connect-module-64x64.png */ = {isa = PBXFileReference; lastKnownFileType = image.png; path = "business-connect-module-64x64.png"; sourceTree = "<group>"; };
		EC3875FA192AD594001B28E5 /* business-connect-polygon-32x32.png */ = {isa = PBXFileReference; lastKnownFileType = image.png; path = "business-connect-polygon-32x32.png"; sourceTree = "<group>"; };
		EC3875FB192AD594001B28E5 /* business-connect-polygon-64x64.png */ = {isa = PBXFileReference; lastKnownFileType = image.png; path = "business-connect-polygon-64x64.png"; sourceTree = "<group>"; };
		EC3875FC192AD594001B28E5 /* business-connect-sitemap-32x32.png */ = {isa = PBXFileReference; lastKnownFileType = image.png; path = "business-connect-sitemap-32x32.png"; sourceTree = "<group>"; };
		EC3875FD192AD594001B28E5 /* business-connect-sitemap-64x64.png */ = {isa = PBXFileReference; lastKnownFileType = image.png; path = "business-connect-sitemap-64x64.png"; sourceTree = "<group>"; };
		EC387606192ADC53001B28E5 /* XSEFQuestionsViewController.h */ = {isa = PBXFileReference; fileEncoding = 4; lastKnownFileType = sourcecode.c.h; path = XSEFQuestionsViewController.h; sourceTree = "<group>"; };
		EC387607192ADC53001B28E5 /* XSEFQuestionsViewController.m */ = {isa = PBXFileReference; fileEncoding = 4; lastKnownFileType = sourcecode.c.objc; path = XSEFQuestionsViewController.m; sourceTree = "<group>"; };
		EC387609192ADC81001B28E5 /* XSEFProductViewController.h */ = {isa = PBXFileReference; fileEncoding = 4; lastKnownFileType = sourcecode.c.h; path = XSEFProductViewController.h; sourceTree = "<group>"; };
		EC38760A192ADC81001B28E5 /* XSEFProductViewController.m */ = {isa = PBXFileReference; fileEncoding = 4; lastKnownFileType = sourcecode.c.objc; path = XSEFProductViewController.m; sourceTree = "<group>"; };
		EC38760C192AE30B001B28E5 /* CF.png */ = {isa = PBXFileReference; lastKnownFileType = image.png; path = CF.png; sourceTree = "<group>"; };
		EC38760D192AE30B001B28E5 /* CorpF.png */ = {isa = PBXFileReference; lastKnownFileType = image.png; path = CorpF.png; sourceTree = "<group>"; };
		EC38760E192AE30B001B28E5 /* DF.png */ = {isa = PBXFileReference; lastKnownFileType = image.png; path = DF.png; sourceTree = "<group>"; };
		EC38760F192AE30B001B28E5 /* EF.png */ = {isa = PBXFileReference; lastKnownFileType = image.png; path = EF.png; sourceTree = "<group>"; };
		EC38761E192AEA45001B28E5 /* CF.jpg */ = {isa = PBXFileReference; lastKnownFileType = image.jpeg; path = CF.jpg; sourceTree = "<group>"; };
		EC38761F192AEA45001B28E5 /* CorpF.jpg */ = {isa = PBXFileReference; lastKnownFileType = image.jpeg; path = CorpF.jpg; sourceTree = "<group>"; };
		EC387620192AEA45001B28E5 /* DF.jpg */ = {isa = PBXFileReference; lastKnownFileType = image.jpeg; path = DF.jpg; sourceTree = "<group>"; };
		EC387621192AEA45001B28E5 /* EF.jpg */ = {isa = PBXFileReference; lastKnownFileType = image.jpeg; path = EF.jpg; sourceTree = "<group>"; };
		EC387626192AEFE0001B28E5 /* brochure_CF_Assetsbasedlending.pdf */ = {isa = PBXFileReference; lastKnownFileType = image.pdf; path = brochure_CF_Assetsbasedlending.pdf; sourceTree = "<group>"; };
		EC387627192AEFE0001B28E5 /* brochure_CF_Aviation.pdf */ = {isa = PBXFileReference; lastKnownFileType = image.pdf; path = brochure_CF_Aviation.pdf; sourceTree = "<group>"; };
		EC387628192AEFE0001B28E5 /* brochure_CF_DebtorFinance.pdf */ = {isa = PBXFileReference; lastKnownFileType = image.pdf; path = brochure_CF_DebtorFinance.pdf; sourceTree = "<group>"; };
		EC387629192AEFE0001B28E5 /* brochure_DF.pdf */ = {isa = PBXFileReference; lastKnownFileType = image.pdf; path = brochure_DF.pdf; sourceTree = "<group>"; };
		EC38762A192AEFE0001B28E5 /* brochure_EF.pdf */ = {isa = PBXFileReference; lastKnownFileType = image.pdf; path = brochure_EF.pdf; sourceTree = "<group>"; };
		EC387630192AFB70001B28E5 /* XSDFViewController.h */ = {isa = PBXFileReference; fileEncoding = 4; lastKnownFileType = sourcecode.c.h; path = XSDFViewController.h; sourceTree = "<group>"; };
		EC387631192AFB70001B28E5 /* XSDFViewController.m */ = {isa = PBXFileReference; fileEncoding = 4; lastKnownFileType = sourcecode.c.objc; path = XSDFViewController.m; sourceTree = "<group>"; };
		EC387633192AFDF7001B28E5 /* XSFSViewController.h */ = {isa = PBXFileReference; fileEncoding = 4; lastKnownFileType = sourcecode.c.h; path = XSFSViewController.h; sourceTree = "<group>"; };
		EC387634192AFDF7001B28E5 /* XSFSViewController.m */ = {isa = PBXFileReference; fileEncoding = 4; lastKnownFileType = sourcecode.c.objc; path = XSFSViewController.m; sourceTree = "<group>"; };
		EC387636192AFF57001B28E5 /* XSCFViewController.h */ = {isa = PBXFileReference; fileEncoding = 4; lastKnownFileType = sourcecode.c.h; path = XSCFViewController.h; sourceTree = "<group>"; };
		EC387637192AFF57001B28E5 /* XSCFViewController.m */ = {isa = PBXFileReference; fileEncoding = 4; lastKnownFileType = sourcecode.c.objc; path = XSCFViewController.m; sourceTree = "<group>"; };
		EC387639192B083C001B28E5 /* corporate-and-business-lendingt-500x532.png */ = {isa = PBXFileReference; lastKnownFileType = image.png; path = "corporate-and-business-lendingt-500x532.png"; sourceTree = "<group>"; };
		EC38763A192B083C001B28E5 /* equipment-and-aviation-finance-500x532.png */ = {isa = PBXFileReference; lastKnownFileType = image.png; path = "equipment-and-aviation-finance-500x532.png"; sourceTree = "<group>"; };
		EC38763B192B083C001B28E5 /* fleet-500x532.png */ = {isa = PBXFileReference; lastKnownFileType = image.png; path = "fleet-500x532.png"; sourceTree = "<group>"; };
		EC38763C192B083C001B28E5 /* supply-chain-finance-500x532.png */ = {isa = PBXFileReference; lastKnownFileType = image.png; path = "supply-chain-finance-500x532.png"; sourceTree = "<group>"; };
		EC387641192B0F37001B28E5 /* corporate-and-business-lending-512x285.gif */ = {isa = PBXFileReference; lastKnownFileType = image.gif; path = "corporate-and-business-lending-512x285.gif"; sourceTree = "<group>"; };
		EC387642192B0F37001B28E5 /* equipment-and-aviation-finance-512x285.gif */ = {isa = PBXFileReference; lastKnownFileType = image.gif; path = "equipment-and-aviation-finance-512x285.gif"; sourceTree = "<group>"; };
		EC387643192B0F37001B28E5 /* fleet-solutions-512x285.gif */ = {isa = PBXFileReference; lastKnownFileType = image.gif; path = "fleet-solutions-512x285.gif"; sourceTree = "<group>"; };
		EC387644192B0F37001B28E5 /* supply-chain-finance-512x285.gif */ = {isa = PBXFileReference; lastKnownFileType = image.gif; path = "supply-chain-finance-512x285.gif"; sourceTree = "<group>"; };
		EC387649192B145D001B28E5 /* Access GE.png */ = {isa = PBXFileReference; lastKnownFileType = image.png; path = "Access GE.png"; sourceTree = "<group>"; };
		EC38764A192B145D001B28E5 /* CBLS.png */ = {isa = PBXFileReference; lastKnownFileType = image.png; path = CBLS.png; sourceTree = "<group>"; };
		EC38764B192B145D001B28E5 /* Mid Market.png */ = {isa = PBXFileReference; lastKnownFileType = image.png; path = "Mid Market.png"; sourceTree = "<group>"; };
		EC38764F192B1917001B28E5 /* cityscape.png */ = {isa = PBXFileReference; lastKnownFileType = image.png; path = cityscape.png; sourceTree = "<group>"; };
		EC387651192B1BCD001B28E5 /* AccessGE.pdf */ = {isa = PBXFileReference; lastKnownFileType = image.pdf; path = AccessGE.pdf; sourceTree = "<group>"; };
		EC387653192B1C53001B28E5 /* MidMarket.pdf */ = {isa = PBXFileReference; lastKnownFileType = image.pdf; path = MidMarket.pdf; sourceTree = "<group>"; };
		EC387655192B1C70001B28E5 /* XSResourceViewController.h */ = {isa = PBXFileReference; fileEncoding = 4; lastKnownFileType = sourcecode.c.h; path = XSResourceViewController.h; sourceTree = "<group>"; };
		EC387656192B1C70001B28E5 /* XSResourceViewController.m */ = {isa = PBXFileReference; fileEncoding = 4; lastKnownFileType = sourcecode.c.objc; path = XSResourceViewController.m; sourceTree = "<group>"; };
		EC387658192B1FBA001B28E5 /* app-icon.png */ = {isa = PBXFileReference; lastKnownFileType = image.png; path = "app-icon.png"; sourceTree = "<group>"; };
		EC387659192B1FBB001B28E5 /* app-icon@2x.png */ = {isa = PBXFileReference; lastKnownFileType = image.png; path = "app-icon@2x.png"; sourceTree = "<group>"; };
		EC38765C192B26A5001B28E5 /* XSCBLSFormViewController.h */ = {isa = PBXFileReference; fileEncoding = 4; lastKnownFileType = sourcecode.c.h; path = XSCBLSFormViewController.h; sourceTree = "<group>"; };
		EC38765D192B26A5001B28E5 /* XSCBLSFormViewController.m */ = {isa = PBXFileReference; fileEncoding = 4; lastKnownFileType = sourcecode.c.objc; path = XSCBLSFormViewController.m; sourceTree = "<group>"; };
		EC490040192B3C9100004356 /* banner-1024x87.png */ = {isa = PBXFileReference; lastKnownFileType = image.png; path = "banner-1024x87.png"; sourceTree = "<group>"; };
		EC490042192B3D4C00004356 /* corporate-finance-512x285.png */ = {isa = PBXFileReference; lastKnownFileType = image.png; path = "corporate-finance-512x285.png"; sourceTree = "<group>"; };
		EC490043192B3D4C00004356 /* distribution-finance-512x285.png */ = {isa = PBXFileReference; lastKnownFileType = image.png; path = "distribution-finance-512x285.png"; sourceTree = "<group>"; };
		EC490044192B3D4C00004356 /* equipment-finance-512x285.png */ = {isa = PBXFileReference; lastKnownFileType = image.png; path = "equipment-finance-512x285.png"; sourceTree = "<group>"; };
		EC490045192B3D4C00004356 /* fleet-solutions-512x285.png */ = {isa = PBXFileReference; lastKnownFileType = image.png; path = "fleet-solutions-512x285.png"; sourceTree = "<group>"; };
		EC49004A192B3F2200004356 /* corporate-finance-500x532.png */ = {isa = PBXFileReference; lastKnownFileType = image.png; path = "corporate-finance-500x532.png"; sourceTree = "<group>"; };
		EC49004B192B3F2200004356 /* distribution-finance-500x532.png */ = {isa = PBXFileReference; lastKnownFileType = image.png; path = "distribution-finance-500x532.png"; sourceTree = "<group>"; };
		EC49004C192B3F2200004356 /* equipment-finance-500x532.png */ = {isa = PBXFileReference; lastKnownFileType = image.png; path = "equipment-finance-500x532.png"; sourceTree = "<group>"; };
		EC49004D192B3F2200004356 /* fleet-solutions-500x532.png */ = {isa = PBXFileReference; lastKnownFileType = image.png; path = "fleet-solutions-500x532.png"; sourceTree = "<group>"; };
		EC490052192B413200004356 /* Cbls_Background.png */ = {isa = PBXFileReference; lastKnownFileType = image.png; path = Cbls_Background.png; sourceTree = "<group>"; };
		EC490054192B42DD00004356 /* XSWebViewController.h */ = {isa = PBXFileReference; fileEncoding = 4; lastKnownFileType = sourcecode.c.h; path = XSWebViewController.h; sourceTree = "<group>"; };
		EC490055192B42DD00004356 /* XSWebViewController.m */ = {isa = PBXFileReference; fileEncoding = 4; lastKnownFileType = sourcecode.c.objc; path = XSWebViewController.m; sourceTree = "<group>"; };
		EC490057192B4D6D00004356 /* KnowledgeBase.png */ = {isa = PBXFileReference; lastKnownFileType = image.png; path = KnowledgeBase.png; sourceTree = "<group>"; };
		EC490058192B4D6D00004356 /* Linkedin.png */ = {isa = PBXFileReference; lastKnownFileType = image.png; path = Linkedin.png; sourceTree = "<group>"; };
		EC490059192B4D6D00004356 /* Personal Dashboard.png */ = {isa = PBXFileReference; lastKnownFileType = image.png; path = "Personal Dashboard.png"; sourceTree = "<group>"; };
		EC49005D192B50A100004356 /* XSEFContactViewController.h */ = {isa = PBXFileReference; fileEncoding = 4; lastKnownFileType = sourcecode.c.h; path = XSEFContactViewController.h; sourceTree = "<group>"; };
		EC49005E192B50A100004356 /* XSEFContactViewController.m */ = {isa = PBXFileReference; fileEncoding = 4; lastKnownFileType = sourcecode.c.objc; path = XSEFContactViewController.m; sourceTree = "<group>"; };
		EC490060192B51D000004356 /* Business01.png */ = {isa = PBXFileReference; lastKnownFileType = image.png; path = Business01.png; sourceTree = "<group>"; };
		EC490061192B51D000004356 /* Business02.png */ = {isa = PBXFileReference; lastKnownFileType = image.png; path = Business02.png; sourceTree = "<group>"; };
		EC490062192B51D000004356 /* Business03.png */ = {isa = PBXFileReference; lastKnownFileType = image.png; path = Business03.png; sourceTree = "<group>"; };
/* End PBXFileReference section */

/* Begin PBXFrameworksBuildPhase section */
		EC0F23FE1927021B00C19426 /* Frameworks */ = {
			isa = PBXFrameworksBuildPhase;
			buildActionMask = 2147483647;
			files = (
				EC38759A1929C8A7001B28E5 /* QuartzCore.framework in Frameworks */,
				EC3875981929C898001B28E5 /* CoreText.framework in Frameworks */,
				EC3875961929C88C001B28E5 /* MediaPlayer.framework in Frameworks */,
				EC3875941929C876001B28E5 /* CoreLocation.framework in Frameworks */,
				EC3875921929C85C001B28E5 /* MapKit.framework in Frameworks */,
				EC3875901929C853001B28E5 /* MessageUI.framework in Frameworks */,
				EC0F24071927021B00C19426 /* CoreGraphics.framework in Frameworks */,
				EC0F240B1927021B00C19426 /* CoreData.framework in Frameworks */,
				EC0F24091927021B00C19426 /* UIKit.framework in Frameworks */,
				EC0F24051927021B00C19426 /* Foundation.framework in Frameworks */,
			);
			runOnlyForDeploymentPostprocessing = 0;
		};
		EC0F241E1927021B00C19426 /* Frameworks */ = {
			isa = PBXFrameworksBuildPhase;
			buildActionMask = 2147483647;
			files = (
				EC0F24231927021B00C19426 /* XCTest.framework in Frameworks */,
				EC0F24261927021B00C19426 /* CoreData.framework in Frameworks */,
				EC0F24251927021B00C19426 /* UIKit.framework in Frameworks */,
				EC0F24241927021B00C19426 /* Foundation.framework in Frameworks */,
			);
			runOnlyForDeploymentPostprocessing = 0;
		};
/* End PBXFrameworksBuildPhase section */

/* Begin PBXGroup section */
		EC0F23F81927021B00C19426 = {
			isa = PBXGroup;
			children = (
				EC0F240C1927021B00C19426 /* XSell */,
				EC0F240D1927021B00C19426 /* Supporting Files */,
				EC0F24291927021B00C19426 /* XSellTests */,
				EC0F24031927021B00C19426 /* Frameworks */,
				EC0F24021927021B00C19426 /* Products */,
			);
			sourceTree = "<group>";
		};
		EC0F24021927021B00C19426 /* Products */ = {
			isa = PBXGroup;
			children = (
				EC0F24011927021B00C19426 /* XSell.app */,
				EC0F24211927021B00C19426 /* XSellTests.xctest */,
			);
			name = Products;
			sourceTree = "<group>";
		};
		EC0F24031927021B00C19426 /* Frameworks */ = {
			isa = PBXGroup;
			children = (
				EC3875991929C8A7001B28E5 /* QuartzCore.framework */,
				EC3875971929C898001B28E5 /* CoreText.framework */,
				EC3875951929C88C001B28E5 /* MediaPlayer.framework */,
				EC3875931929C876001B28E5 /* CoreLocation.framework */,
				EC3875911929C85C001B28E5 /* MapKit.framework */,
				EC38758F1929C853001B28E5 /* MessageUI.framework */,
				EC3875881929C697001B28E5 /* PDFTouch.framework */,
				EC0F24041927021B00C19426 /* Foundation.framework */,
				EC0F24061927021B00C19426 /* CoreGraphics.framework */,
				EC0F24081927021B00C19426 /* UIKit.framework */,
				EC0F240A1927021B00C19426 /* CoreData.framework */,
				EC0F24221927021B00C19426 /* XCTest.framework */,
			);
			name = Frameworks;
			sourceTree = "<group>";
		};
		EC0F240C1927021B00C19426 /* XSell */ = {
			isa = PBXGroup;
			children = (
				EC38757919299C01001B28E5 /* XSBusinessViewController.h */,
				EC38757A19299C01001B28E5 /* XSBusinessViewController.m */,
				EC0F24151927021B00C19426 /* XSAppDelegate.h */,
				EC0F24161927021B00C19426 /* XSAppDelegate.m */,
				EC38757C1929B4BA001B28E5 /* XSHomeViewController.h */,
				EC38757D1929B4BA001B28E5 /* XSHomeViewController.m */,
				EC3875851929B50F001B28E5 /* XSReferenceViewController.h */,
				EC3875861929B50F001B28E5 /* XSReferenceViewController.m */,
				EC38757F1929B4DE001B28E5 /* XSActionListViewController.h */,
				EC3875801929B4DE001B28E5 /* XSActionListViewController.m */,
				EC3875821929B4ED001B28E5 /* XSSearchViewController.h */,
				EC3875831929B4ED001B28E5 /* XSSearchViewController.m */,
				EC38758C1929C724001B28E5 /* XSEFViewController.h */,
				EC38758D1929C724001B28E5 /* XSEFViewController.m */,
				EC387606192ADC53001B28E5 /* XSEFQuestionsViewController.h */,
				EC387607192ADC53001B28E5 /* XSEFQuestionsViewController.m */,
				EC387609192ADC81001B28E5 /* XSEFProductViewController.h */,
				EC38760A192ADC81001B28E5 /* XSEFProductViewController.m */,
				EC3875E41929F37C001B28E5 /* XSShortcutSearchViewController.h */,
				EC3875E51929F37C001B28E5 /* XSShortcutSearchViewController.m */,
				EC3875E7192A0D66001B28E5 /* XSEFTestimonialViewController.h */,
				EC3875E8192A0D66001B28E5 /* XSEFTestimonialViewController.m */,
				EC3875ED192ABDF7001B28E5 /* XSDFTestimonialViewController.h */,
				EC3875EE192ABDF7001B28E5 /* XSDFTestimonialViewController.m */,
				EC387630192AFB70001B28E5 /* XSDFViewController.h */,
				EC387631192AFB70001B28E5 /* XSDFViewController.m */,
				EC387633192AFDF7001B28E5 /* XSFSViewController.h */,
				EC387634192AFDF7001B28E5 /* XSFSViewController.m */,
				EC387636192AFF57001B28E5 /* XSCFViewController.h */,
				EC387637192AFF57001B28E5 /* XSCFViewController.m */,
				EC3875F0192ABE14001B28E5 /* XSFSTestimonialViewController.h */,
				EC3875F1192ABE14001B28E5 /* XSFSTestimonialViewController.m */,
				EC3875F3192ABE33001B28E5 /* XSCFTestimonialViewController.h */,
				EC3875F4192ABE33001B28E5 /* XSCFTestimonialViewController.m */,
				EC3875EA192A0EEB001B28E5 /* XSVideoViewController.h */,
				EC3875EB192A0EEB001B28E5 /* XSVideoViewController.m */,
				EC387655192B1C70001B28E5 /* XSResourceViewController.h */,
				EC387656192B1C70001B28E5 /* XSResourceViewController.m */,
				EC38765C192B26A5001B28E5 /* XSCBLSFormViewController.h */,
				EC38765D192B26A5001B28E5 /* XSCBLSFormViewController.m */,
				EC490054192B42DD00004356 /* XSWebViewController.h */,
				EC490055192B42DD00004356 /* XSWebViewController.m */,
				EC49005D192B50A100004356 /* XSEFContactViewController.h */,
				EC49005E192B50A100004356 /* XSEFContactViewController.m */,
			);
			path = XSell;
			sourceTree = "<group>";
		};
		EC0F240D1927021B00C19426 /* Supporting Files */ = {
			isa = PBXGroup;
			children = (
				EC3875A71929DE5B001B28E5 /* Sources */,
				EC38759D1929DE32001B28E5 /* Classes */,
				EC60682919298D8A00176DF8 /* Documents */,
				EC60682819298D7E00176DF8 /* Images */,
				EC0F24181927021B00C19426 /* XSell.xcdatamodeld */,
				EC38756E192990FD001B28E5 /* XSell.storyboard */,
				EC0F240E1927021B00C19426 /* XSell-Info.plist */,
				EC0F240F1927021B00C19426 /* InfoPlist.strings */,
				EC0F241B1927021B00C19426 /* Images.xcassets */,
				EC0F24121927021B00C19426 /* main.m */,
				EC0F24141927021B00C19426 /* XSell-Prefix.pch */,
			);
			name = "Supporting Files";
			path = XSell;
			sourceTree = "<group>";
		};
		EC0F24291927021B00C19426 /* XSellTests */ = {
			isa = PBXGroup;
			children = (
				EC0F242F1927021B00C19426 /* XSellTests.m */,
				EC0F242A1927021B00C19426 /* Supporting Files */,
			);
			path = XSellTests;
			sourceTree = "<group>";
		};
		EC0F242A1927021B00C19426 /* Supporting Files */ = {
			isa = PBXGroup;
			children = (
				EC0F242B1927021B00C19426 /* XSellTests-Info.plist */,
				EC0F242C1927021B00C19426 /* InfoPlist.strings */,
			);
			name = "Supporting Files";
			sourceTree = "<group>";
		};
		EC38759D1929DE32001B28E5 /* Classes */ = {
			isa = PBXGroup;
			children = (
				EC38759E1929DE43001B28E5 /* ReaderAppDelegate.h */,
				EC38759F1929DE43001B28E5 /* ReaderAppDelegate.m */,
				EC3875A01929DE43001B28E5 /* ReaderBookDelegate.h */,
				EC3875A11929DE43001B28E5 /* ReaderBookDelegate.m */,
				EC3875A21929DE43001B28E5 /* ReaderDemoController.h */,
				EC3875A31929DE43001B28E5 /* ReaderDemoController.m */,
			);
			name = Classes;
			sourceTree = "<group>";
		};
		EC3875A71929DE5B001B28E5 /* Sources */ = {
			isa = PBXGroup;
			children = (
				EC3875A81929DE65001B28E5 /* CGPDFDocument.h */,
				EC3875A91929DE65001B28E5 /* CGPDFDocument.m */,
				EC3875AA1929DE65001B28E5 /* ReaderConstants.h */,
				EC3875AB1929DE65001B28E5 /* ReaderConstants.m */,
				EC3875AC1929DE65001B28E5 /* ReaderContentPage.h */,
				EC3875AD1929DE65001B28E5 /* ReaderContentPage.m */,
				EC3875AE1929DE65001B28E5 /* ReaderContentTile.h */,
				EC3875AF1929DE65001B28E5 /* ReaderContentTile.m */,
				EC3875B01929DE65001B28E5 /* ReaderContentView.h */,
				EC3875B11929DE65001B28E5 /* ReaderContentView.m */,
				EC3875B21929DE65001B28E5 /* ReaderDocument.h */,
				EC3875B31929DE65001B28E5 /* ReaderDocument.m */,
				EC3875B41929DE65001B28E5 /* ReaderDocumentOutline.h */,
				EC3875B51929DE65001B28E5 /* ReaderDocumentOutline.m */,
				EC3875B61929DE65001B28E5 /* ReaderMainPagebar.h */,
				EC3875B71929DE65001B28E5 /* ReaderMainPagebar.m */,
				EC3875B81929DE65001B28E5 /* ReaderMainToolbar.h */,
				EC3875B91929DE65001B28E5 /* ReaderMainToolbar.m */,
				EC3875BA1929DE65001B28E5 /* ReaderThumbCache.h */,
				EC3875BB1929DE65001B28E5 /* ReaderThumbCache.m */,
				EC3875BC1929DE65001B28E5 /* ReaderThumbFetch.h */,
				EC3875BD1929DE65001B28E5 /* ReaderThumbFetch.m */,
				EC3875BE1929DE65001B28E5 /* ReaderThumbQueue.h */,
				EC3875BF1929DE65001B28E5 /* ReaderThumbQueue.m */,
				EC3875C01929DE65001B28E5 /* ReaderThumbRender.h */,
				EC3875C11929DE65001B28E5 /* ReaderThumbRender.m */,
				EC3875C21929DE65001B28E5 /* ReaderThumbRequest.h */,
				EC3875C31929DE65001B28E5 /* ReaderThumbRequest.m */,
				EC3875C41929DE65001B28E5 /* ReaderThumbsView.h */,
				EC3875C51929DE65001B28E5 /* ReaderThumbsView.m */,
				EC3875C61929DE65001B28E5 /* ReaderThumbView.h */,
				EC3875C71929DE65001B28E5 /* ReaderThumbView.m */,
				EC3875C81929DE65001B28E5 /* ReaderViewController.h */,
				EC3875C91929DE65001B28E5 /* ReaderViewController.m */,
				EC3875CA1929DE65001B28E5 /* ThumbsMainToolbar.h */,
				EC3875CB1929DE65001B28E5 /* ThumbsMainToolbar.m */,
				EC3875CC1929DE65001B28E5 /* ThumbsViewController.h */,
				EC3875CD1929DE65001B28E5 /* ThumbsViewController.m */,
				EC3875CE1929DE65001B28E5 /* UIXToolbarView.h */,
				EC3875CF1929DE65001B28E5 /* UIXToolbarView.m */,
			);
			name = Sources;
			sourceTree = "<group>";
		};
		EC60682819298D7E00176DF8 /* Images */ = {
			isa = PBXGroup;
			children = (
				EC490057192B4D6D00004356 /* KnowledgeBase.png */,
				EC490058192B4D6D00004356 /* Linkedin.png */,
				EC490059192B4D6D00004356 /* Personal Dashboard.png */,
				EC387658192B1FBA001B28E5 /* app-icon.png */,
				EC387659192B1FBB001B28E5 /* app-icon@2x.png */,
				EC387649192B145D001B28E5 /* Access GE.png */,
				EC38764A192B145D001B28E5 /* CBLS.png */,
				EC38764B192B145D001B28E5 /* Mid Market.png */,
				EC387639192B083C001B28E5 /* corporate-and-business-lendingt-500x532.png */,
				EC38763A192B083C001B28E5 /* equipment-and-aviation-finance-500x532.png */,
				EC49004A192B3F2200004356 /* corporate-finance-500x532.png */,
				EC49004B192B3F2200004356 /* distribution-finance-500x532.png */,
				EC49004C192B3F2200004356 /* equipment-finance-500x532.png */,
				EC49004D192B3F2200004356 /* fleet-solutions-500x532.png */,
				EC387641192B0F37001B28E5 /* corporate-and-business-lending-512x285.gif */,
				EC38764F192B1917001B28E5 /* cityscape.png */,
				EC387642192B0F37001B28E5 /* equipment-and-aviation-finance-512x285.gif */,
				EC387643192B0F37001B28E5 /* fleet-solutions-512x285.gif */,
				EC490040192B3C9100004356 /* banner-1024x87.png */,
				EC490042192B3D4C00004356 /* corporate-finance-512x285.png */,
				EC490060192B51D000004356 /* Business01.png */,
				EC490061192B51D000004356 /* Business02.png */,
				EC490062192B51D000004356 /* Business03.png */,
				EC490043192B3D4C00004356 /* distribution-finance-512x285.png */,
				EC490044192B3D4C00004356 /* equipment-finance-512x285.png */,
				EC490045192B3D4C00004356 /* fleet-solutions-512x285.png */,
				EC387644192B0F37001B28E5 /* supply-chain-finance-512x285.gif */,
				EC38763B192B083C001B28E5 /* fleet-500x532.png */,
				EC490052192B413200004356 /* Cbls_Background.png */,
				EC38763C192B083C001B28E5 /* supply-chain-finance-500x532.png */,
				EC38761E192AEA45001B28E5 /* CF.jpg */,
				EC38761F192AEA45001B28E5 /* CorpF.jpg */,
				EC387620192AEA45001B28E5 /* DF.jpg */,
				EC387621192AEA45001B28E5 /* EF.jpg */,
				EC38760C192AE30B001B28E5 /* CF.png */,
				EC38760D192AE30B001B28E5 /* CorpF.png */,
				EC38760E192AE30B001B28E5 /* DF.png */,
				EC38760F192AE30B001B28E5 /* EF.png */,
				EC3875F6192AD594001B28E5 /* business-connect-link-32x32.png */,
				EC3875F7192AD594001B28E5 /* business-connect-link-64x64.png */,
				EC3875F8192AD594001B28E5 /* business-connect-module-32x32.png */,
				EC3875F9192AD594001B28E5 /* business-connect-module-64x64.png */,
				EC3875FA192AD594001B28E5 /* business-connect-polygon-32x32.png */,
				EC3875FB192AD594001B28E5 /* business-connect-polygon-64x64.png */,
				EC3875FC192AD594001B28E5 /* business-connect-sitemap-32x32.png */,
				EC3875FD192AD594001B28E5 /* business-connect-sitemap-64x64.png */,
			);
			name = Images;
			sourceTree = "<group>";
		};
		EC60682919298D8A00176DF8 /* Documents */ = {
			isa = PBXGroup;
			children = (
				EC387653192B1C53001B28E5 /* MidMarket.pdf */,
				EC387651192B1BCD001B28E5 /* AccessGE.pdf */,
				EC387626192AEFE0001B28E5 /* brochure_CF_Assetsbasedlending.pdf */,
				EC387627192AEFE0001B28E5 /* brochure_CF_Aviation.pdf */,
				EC387628192AEFE0001B28E5 /* brochure_CF_DebtorFinance.pdf */,
				EC387629192AEFE0001B28E5 /* brochure_DF.pdf */,
				EC38762A192AEFE0001B28E5 /* brochure_EF.pdf */,
				EC38759B1929C9FD001B28E5 /* Developers.pdf */,
			);
			name = Documents;
			sourceTree = "<group>";
		};
/* End PBXGroup section */

/* Begin PBXNativeTarget section */
		EC0F24001927021B00C19426 /* XSell */ = {
			isa = PBXNativeTarget;
			buildConfigurationList = EC0F24331927021B00C19426 /* Build configuration list for PBXNativeTarget "XSell" */;
			buildPhases = (
				EC0F23FD1927021B00C19426 /* Sources */,
				EC0F23FE1927021B00C19426 /* Frameworks */,
				EC0F23FF1927021B00C19426 /* Resources */,
			);
			buildRules = (
			);
			dependencies = (
			);
			name = XSell;
			productName = XSell;
			productReference = EC0F24011927021B00C19426 /* XSell.app */;
			productType = "com.apple.product-type.application";
		};
		EC0F24201927021B00C19426 /* XSellTests */ = {
			isa = PBXNativeTarget;
			buildConfigurationList = EC0F24361927021B00C19426 /* Build configuration list for PBXNativeTarget "XSellTests" */;
			buildPhases = (
				EC0F241D1927021B00C19426 /* Sources */,
				EC0F241E1927021B00C19426 /* Frameworks */,
				EC0F241F1927021B00C19426 /* Resources */,
			);
			buildRules = (
			);
			dependencies = (
				EC0F24281927021B00C19426 /* PBXTargetDependency */,
			);
			name = XSellTests;
			productName = XSellTests;
			productReference = EC0F24211927021B00C19426 /* XSellTests.xctest */;
			productType = "com.apple.product-type.bundle.unit-test";
		};
/* End PBXNativeTarget section */

/* Begin PBXProject section */
		EC0F23F91927021B00C19426 /* Project object */ = {
			isa = PBXProject;
			attributes = {
				CLASSPREFIX = XS;
				LastUpgradeCheck = 0500;
				ORGANIZATIONNAME = "GE Capital ANZ";
				TargetAttributes = {
					EC0F24201927021B00C19426 = {
						TestTargetID = EC0F24001927021B00C19426;
					};
				};
			};
			buildConfigurationList = EC0F23FC1927021B00C19426 /* Build configuration list for PBXProject "XSell" */;
			compatibilityVersion = "Xcode 3.2";
			developmentRegion = English;
			hasScannedForEncodings = 0;
			knownRegions = (
				en,
			);
			mainGroup = EC0F23F81927021B00C19426;
			productRefGroup = EC0F24021927021B00C19426 /* Products */;
			projectDirPath = "";
			projectRoot = "";
			targets = (
				EC0F24001927021B00C19426 /* XSell */,
				EC0F24201927021B00C19426 /* XSellTests */,
			);
		};
/* End PBXProject section */

/* Begin PBXResourcesBuildPhase section */
		EC0F23FF1927021B00C19426 /* Resources */ = {
			isa = PBXResourcesBuildPhase;
			buildActionMask = 2147483647;
			files = (
				EC49004F192B3F2200004356 /* distribution-finance-500x532.png in Resources */,
				EC490046192B3D4C00004356 /* corporate-finance-512x285.png in Resources */,
				EC387610192AE30B001B28E5 /* CF.png in Resources */,
				EC490051192B3F2200004356 /* fleet-solutions-500x532.png in Resources */,
				EC38759C1929C9FD001B28E5 /* Developers.pdf in Resources */,
				EC387601192AD594001B28E5 /* business-connect-module-64x64.png in Resources */,
				EC387647192B0F37001B28E5 /* fleet-solutions-512x285.gif in Resources */,
				EC490064192B51D000004356 /* Business02.png in Resources */,
				EC38765A192B1FBB001B28E5 /* app-icon.png in Resources */,
				EC387600192AD594001B28E5 /* business-connect-module-32x32.png in Resources */,
				EC38762E192AEFE0001B28E5 /* brochure_DF.pdf in Resources */,
				EC490047192B3D4C00004356 /* distribution-finance-512x285.png in Resources */,
				EC38764E192B145D001B28E5 /* Mid Market.png in Resources */,
				EC49004E192B3F2200004356 /* corporate-finance-500x532.png in Resources */,
				EC387650192B1917001B28E5 /* cityscape.png in Resources */,
				EC387613192AE30B001B28E5 /* EF.png in Resources */,
				EC490065192B51D000004356 /* Business03.png in Resources */,
				EC38763F192B083C001B28E5 /* fleet-500x532.png in Resources */,
				EC387648192B0F37001B28E5 /* supply-chain-finance-512x285.gif in Resources */,
				EC38764C192B145D001B28E5 /* Access GE.png in Resources */,
				EC387645192B0F37001B28E5 /* corporate-and-business-lending-512x285.gif in Resources */,
				EC387604192AD594001B28E5 /* business-connect-sitemap-32x32.png in Resources */,
				EC387652192B1BCD001B28E5 /* AccessGE.pdf in Resources */,
				EC387612192AE30B001B28E5 /* DF.png in Resources */,
				EC387640192B083C001B28E5 /* supply-chain-finance-500x532.png in Resources */,
				EC38756F192990FD001B28E5 /* XSell.storyboard in Resources */,
				EC490053192B413200004356 /* Cbls_Background.png in Resources */,
				EC38763D192B083C001B28E5 /* corporate-and-business-lendingt-500x532.png in Resources */,
				EC387605192AD594001B28E5 /* business-connect-sitemap-64x64.png in Resources */,
				EC387622192AEA45001B28E5 /* CF.jpg in Resources */,
				EC38762C192AEFE0001B28E5 /* brochure_CF_Aviation.pdf in Resources */,
				EC0F24111927021B00C19426 /* InfoPlist.strings in Resources */,
				EC387602192AD594001B28E5 /* business-connect-polygon-32x32.png in Resources */,
				EC49005B192B4D6D00004356 /* Linkedin.png in Resources */,
				EC49005A192B4D6D00004356 /* KnowledgeBase.png in Resources */,
				EC387603192AD594001B28E5 /* business-connect-polygon-64x64.png in Resources */,
				EC387646192B0F37001B28E5 /* equipment-and-aviation-finance-512x285.gif in Resources */,
				EC3875FE192AD594001B28E5 /* business-connect-link-32x32.png in Resources */,
				EC387654192B1C53001B28E5 /* MidMarket.pdf in Resources */,
				EC0F241C1927021B00C19426 /* Images.xcassets in Resources */,
				EC387624192AEA45001B28E5 /* DF.jpg in Resources */,
				EC387611192AE30B001B28E5 /* CorpF.png in Resources */,
				EC38764D192B145D001B28E5 /* CBLS.png in Resources */,
				EC38763E192B083C001B28E5 /* equipment-and-aviation-finance-500x532.png in Resources */,
				EC490041192B3C9100004356 /* banner-1024x87.png in Resources */,
				EC490063192B51D000004356 /* Business01.png in Resources */,
				EC490049192B3D4C00004356 /* fleet-solutions-512x285.png in Resources */,
				EC490048192B3D4C00004356 /* equipment-finance-512x285.png in Resources */,
				EC3875FF192AD594001B28E5 /* business-connect-link-64x64.png in Resources */,
				EC387623192AEA45001B28E5 /* CorpF.jpg in Resources */,
				EC38762F192AEFE0001B28E5 /* brochure_EF.pdf in Resources */,
				EC38762B192AEFE0001B28E5 /* brochure_CF_Assetsbasedlending.pdf in Resources */,
				EC38762D192AEFE0001B28E5 /* brochure_CF_DebtorFinance.pdf in Resources */,
				EC387625192AEA45001B28E5 /* EF.jpg in Resources */,
				EC38765B192B1FBB001B28E5 /* app-icon@2x.png in Resources */,
				EC490050192B3F2200004356 /* equipment-finance-500x532.png in Resources */,
				EC49005C192B4D6D00004356 /* Personal Dashboard.png in Resources */,
			);
			runOnlyForDeploymentPostprocessing = 0;
		};
		EC0F241F1927021B00C19426 /* Resources */ = {
			isa = PBXResourcesBuildPhase;
			buildActionMask = 2147483647;
			files = (
				EC0F242E1927021B00C19426 /* InfoPlist.strings in Resources */,
			);
			runOnlyForDeploymentPostprocessing = 0;
		};
/* End PBXResourcesBuildPhase section */

/* Begin PBXSourcesBuildPhase section */
		EC0F23FD1927021B00C19426 /* Sources */ = {
			isa = PBXSourcesBuildPhase;
			buildActionMask = 2147483647;
			files = (
				EC3875D11929DE65001B28E5 /* ReaderConstants.m in Sources */,
				EC3875E11929DE65001B28E5 /* ThumbsMainToolbar.m in Sources */,
				EC38765E192B26A5001B28E5 /* XSCBLSFormViewController.m in Sources */,
				EC3875D01929DE65001B28E5 /* CGPDFDocument.m in Sources */,
				EC490056192B42DD00004356 /* XSWebViewController.m in Sources */,
				EC3875EF192ABDF7001B28E5 /* XSDFTestimonialViewController.m in Sources */,
				EC38760B192ADC81001B28E5 /* XSEFProductViewController.m in Sources */,
				EC3875D91929DE65001B28E5 /* ReaderThumbCache.m in Sources */,
				EC0F24131927021B00C19426 /* main.m in Sources */,
				EC3875841929B4ED001B28E5 /* XSSearchViewController.m in Sources */,
				EC3875EC192A0EEB001B28E5 /* XSVideoViewController.m in Sources */,
				EC3875E61929F37C001B28E5 /* XSShortcutSearchViewController.m in Sources */,
				EC3875D71929DE65001B28E5 /* ReaderMainPagebar.m in Sources */,
				EC38758E1929C724001B28E5 /* XSEFViewController.m in Sources */,
				EC3875811929B4DE001B28E5 /* XSActionListViewController.m in Sources */,
				EC3875DA1929DE65001B28E5 /* ReaderThumbFetch.m in Sources */,
				EC0F24171927021B00C19426 /* XSAppDelegate.m in Sources */,
				EC387608192ADC53001B28E5 /* XSEFQuestionsViewController.m in Sources */,
				EC3875A61929DE43001B28E5 /* ReaderDemoController.m in Sources */,
				EC3875DD1929DE65001B28E5 /* ReaderThumbRequest.m in Sources */,
				EC3875A41929DE43001B28E5 /* ReaderAppDelegate.m in Sources */,
				EC0F241A1927021B00C19426 /* XSell.xcdatamodeld in Sources */,
				EC3875E31929DE65001B28E5 /* UIXToolbarView.m in Sources */,
				EC3875DF1929DE65001B28E5 /* ReaderThumbView.m in Sources */,
				EC3875DE1929DE65001B28E5 /* ReaderThumbsView.m in Sources */,
				EC3875E01929DE65001B28E5 /* ReaderViewController.m in Sources */,
				EC3875D61929DE65001B28E5 /* ReaderDocumentOutline.m in Sources */,
				EC3875D31929DE65001B28E5 /* ReaderContentTile.m in Sources */,
				EC3875D81929DE65001B28E5 /* ReaderMainToolbar.m in Sources */,
				EC3875D51929DE65001B28E5 /* ReaderDocument.m in Sources */,
				EC3875D21929DE65001B28E5 /* ReaderContentPage.m in Sources */,
				EC3875D41929DE65001B28E5 /* ReaderContentView.m in Sources */,
				EC38757B19299C01001B28E5 /* XSBusinessViewController.m in Sources */,
				EC38757E1929B4BA001B28E5 /* XSHomeViewController.m in Sources */,
				EC3875DB1929DE65001B28E5 /* ReaderThumbQueue.m in Sources */,
				EC3875DC1929DE65001B28E5 /* ReaderThumbRender.m in Sources */,
				EC3875F5192ABE33001B28E5 /* XSCFTestimonialViewController.m in Sources */,
				EC387632192AFB70001B28E5 /* XSDFViewController.m in Sources */,
				EC3875E9192A0D66001B28E5 /* XSEFTestimonialViewController.m in Sources */,
				EC387638192AFF57001B28E5 /* XSCFViewController.m in Sources */,
				EC3875A51929DE43001B28E5 /* ReaderBookDelegate.m in Sources */,
				EC387657192B1C70001B28E5 /* XSResourceViewController.m in Sources */,
				EC387635192AFDF7001B28E5 /* XSFSViewController.m in Sources */,
				EC3875F2192ABE14001B28E5 /* XSFSTestimonialViewController.m in Sources */,
				EC3875E21929DE65001B28E5 /* ThumbsViewController.m in Sources */,
				EC3875871929B50F001B28E5 /* XSReferenceViewController.m in Sources */,
				EC49005F192B50A100004356 /* XSEFContactViewController.m in Sources */,
			);
			runOnlyForDeploymentPostprocessing = 0;
		};
		EC0F241D1927021B00C19426 /* Sources */ = {
			isa = PBXSourcesBuildPhase;
			buildActionMask = 2147483647;
			files = (
				EC0F24301927021B00C19426 /* XSellTests.m in Sources */,
			);
			runOnlyForDeploymentPostprocessing = 0;
		};
/* End PBXSourcesBuildPhase section */

/* Begin PBXTargetDependency section */
		EC0F24281927021B00C19426 /* PBXTargetDependency */ = {
			isa = PBXTargetDependency;
			target = EC0F24001927021B00C19426 /* XSell */;
			targetProxy = EC0F24271927021B00C19426 /* PBXContainerItemProxy */;
		};
/* End PBXTargetDependency section */

/* Begin PBXVariantGroup section */
		EC0F240F1927021B00C19426 /* InfoPlist.strings */ = {
			isa = PBXVariantGroup;
			children = (
				EC0F24101927021B00C19426 /* en */,
			);
			name = InfoPlist.strings;
			sourceTree = "<group>";
		};
		EC0F242C1927021B00C19426 /* InfoPlist.strings */ = {
			isa = PBXVariantGroup;
			children = (
				EC0F242D1927021B00C19426 /* en */,
			);
			name = InfoPlist.strings;
			sourceTree = "<group>";
		};
/* End PBXVariantGroup section */

/* Begin XCBuildConfiguration section */
		EC0F24311927021B00C19426 /* Debug */ = {
			isa = XCBuildConfiguration;
			buildSettings = {
				ALWAYS_SEARCH_USER_PATHS = NO;
				ARCHS = "$(ARCHS_STANDARD_INCLUDING_64_BIT)";
				CLANG_CXX_LANGUAGE_STANDARD = "gnu++0x";
				CLANG_CXX_LIBRARY = "libc++";
				CLANG_ENABLE_MODULES = YES;
				CLANG_ENABLE_OBJC_ARC = YES;
				CLANG_WARN_BOOL_CONVERSION = YES;
				CLANG_WARN_CONSTANT_CONVERSION = YES;
				CLANG_WARN_DIRECT_OBJC_ISA_USAGE = YES_ERROR;
				CLANG_WARN_EMPTY_BODY = YES;
				CLANG_WARN_ENUM_CONVERSION = YES;
				CLANG_WARN_INT_CONVERSION = YES;
				CLANG_WARN_OBJC_ROOT_CLASS = YES_ERROR;
				CLANG_WARN__DUPLICATE_METHOD_MATCH = YES;
				"CODE_SIGN_IDENTITY[sdk=iphoneos*]" = "iPhone Developer";
				COPY_PHASE_STRIP = NO;
				GCC_C_LANGUAGE_STANDARD = gnu99;
				GCC_DYNAMIC_NO_PIC = NO;
				GCC_OPTIMIZATION_LEVEL = 0;
				GCC_PREPROCESSOR_DEFINITIONS = (
					"DEBUG=1",
					"$(inherited)",
				);
				GCC_SYMBOLS_PRIVATE_EXTERN = NO;
				GCC_WARN_64_TO_32_BIT_CONVERSION = YES;
				GCC_WARN_ABOUT_RETURN_TYPE = YES_ERROR;
				GCC_WARN_UNDECLARED_SELECTOR = YES;
				GCC_WARN_UNINITIALIZED_AUTOS = YES;
				GCC_WARN_UNUSED_FUNCTION = YES;
				GCC_WARN_UNUSED_VARIABLE = YES;
				IPHONEOS_DEPLOYMENT_TARGET = 7.0;
				ONLY_ACTIVE_ARCH = YES;
				SDKROOT = iphoneos;
				TARGETED_DEVICE_FAMILY = 2;
			};
			name = Debug;
		};
		EC0F24321927021B00C19426 /* Release */ = {
			isa = XCBuildConfiguration;
			buildSettings = {
				ALWAYS_SEARCH_USER_PATHS = NO;
				ARCHS = "$(ARCHS_STANDARD_INCLUDING_64_BIT)";
				CLANG_CXX_LANGUAGE_STANDARD = "gnu++0x";
				CLANG_CXX_LIBRARY = "libc++";
				CLANG_ENABLE_MODULES = YES;
				CLANG_ENABLE_OBJC_ARC = YES;
				CLANG_WARN_BOOL_CONVERSION = YES;
				CLANG_WARN_CONSTANT_CONVERSION = YES;
				CLANG_WARN_DIRECT_OBJC_ISA_USAGE = YES_ERROR;
				CLANG_WARN_EMPTY_BODY = YES;
				CLANG_WARN_ENUM_CONVERSION = YES;
				CLANG_WARN_INT_CONVERSION = YES;
				CLANG_WARN_OBJC_ROOT_CLASS = YES_ERROR;
				CLANG_WARN__DUPLICATE_METHOD_MATCH = YES;
				"CODE_SIGN_IDENTITY[sdk=iphoneos*]" = "iPhone Developer";
				COPY_PHASE_STRIP = YES;
				ENABLE_NS_ASSERTIONS = NO;
				GCC_C_LANGUAGE_STANDARD = gnu99;
				GCC_WARN_64_TO_32_BIT_CONVERSION = YES;
				GCC_WARN_ABOUT_RETURN_TYPE = YES_ERROR;
				GCC_WARN_UNDECLARED_SELECTOR = YES;
				GCC_WARN_UNINITIALIZED_AUTOS = YES;
				GCC_WARN_UNUSED_FUNCTION = YES;
				GCC_WARN_UNUSED_VARIABLE = YES;
				IPHONEOS_DEPLOYMENT_TARGET = 7.0;
				SDKROOT = iphoneos;
				TARGETED_DEVICE_FAMILY = 2;
				VALIDATE_PRODUCT = YES;
			};
			name = Release;
		};
		EC0F24341927021B00C19426 /* Debug */ = {
			isa = XCBuildConfiguration;
			buildSettings = {
				ASSETCATALOG_COMPILER_APPICON_NAME = AppIcon;
				ASSETCATALOG_COMPILER_LAUNCHIMAGE_NAME = LaunchImage;
				FRAMEWORK_SEARCH_PATHS = (
					"$(inherited)",
					/Users/fahadahmed/Desktop/XSell,
				);
				GCC_PRECOMPILE_PREFIX_HEADER = YES;
				GCC_PREFIX_HEADER = "XSell/XSell-Prefix.pch";
				INFOPLIST_FILE = "XSell/XSell-Info.plist";
				PRODUCT_NAME = "$(TARGET_NAME)";
				WRAPPER_EXTENSION = app;
			};
			name = Debug;
		};
		EC0F24351927021B00C19426 /* Release */ = {
			isa = XCBuildConfiguration;
			buildSettings = {
				ASSETCATALOG_COMPILER_APPICON_NAME = AppIcon;
				ASSETCATALOG_COMPILER_LAUNCHIMAGE_NAME = LaunchImage;
				FRAMEWORK_SEARCH_PATHS = (
					"$(inherited)",
					/Users/fahadahmed/Desktop/XSell,
				);
				GCC_PRECOMPILE_PREFIX_HEADER = YES;
				GCC_PREFIX_HEADER = "XSell/XSell-Prefix.pch";
				INFOPLIST_FILE = "XSell/XSell-Info.plist";
				PRODUCT_NAME = "$(TARGET_NAME)";
				WRAPPER_EXTENSION = app;
			};
			name = Release;
		};
		EC0F24371927021B00C19426 /* Debug */ = {
			isa = XCBuildConfiguration;
			buildSettings = {
				ARCHS = "$(ARCHS_STANDARD_INCLUDING_64_BIT)";
				BUNDLE_LOADER = "$(BUILT_PRODUCTS_DIR)/XSell.app/XSell";
				FRAMEWORK_SEARCH_PATHS = (
					"$(SDKROOT)/Developer/Library/Frameworks",
					"$(inherited)",
					"$(DEVELOPER_FRAMEWORKS_DIR)",
				);
				GCC_PRECOMPILE_PREFIX_HEADER = YES;
				GCC_PREFIX_HEADER = "XSell/XSell-Prefix.pch";
				GCC_PREPROCESSOR_DEFINITIONS = (
					"DEBUG=1",
					"$(inherited)",
				);
				INFOPLIST_FILE = "XSellTests/XSellTests-Info.plist";
				PRODUCT_NAME = "$(TARGET_NAME)";
				TEST_HOST = "$(BUNDLE_LOADER)";
				WRAPPER_EXTENSION = xctest;
			};
			name = Debug;
		};
		EC0F24381927021B00C19426 /* Release */ = {
			isa = XCBuildConfiguration;
			buildSettings = {
				ARCHS = "$(ARCHS_STANDARD_INCLUDING_64_BIT)";
				BUNDLE_LOADER = "$(BUILT_PRODUCTS_DIR)/XSell.app/XSell";
				FRAMEWORK_SEARCH_PATHS = (
					"$(SDKROOT)/Developer/Library/Frameworks",
					"$(inherited)",
					"$(DEVELOPER_FRAMEWORKS_DIR)",
				);
				GCC_PRECOMPILE_PREFIX_HEADER = YES;
				GCC_PREFIX_HEADER = "XSell/XSell-Prefix.pch";
				INFOPLIST_FILE = "XSellTests/XSellTests-Info.plist";
				PRODUCT_NAME = "$(TARGET_NAME)";
				TEST_HOST = "$(BUNDLE_LOADER)";
				WRAPPER_EXTENSION = xctest;
			};
			name = Release;
		};
/* End XCBuildConfiguration section */

/* Begin XCConfigurationList section */
		EC0F23FC1927021B00C19426 /* Build configuration list for PBXProject "XSell" */ = {
			isa = XCConfigurationList;
			buildConfigurations = (
				EC0F24311927021B00C19426 /* Debug */,
				EC0F24321927021B00C19426 /* Release */,
			);
			defaultConfigurationIsVisible = 0;
			defaultConfigurationName = Release;
		};
		EC0F24331927021B00C19426 /* Build configuration list for PBXNativeTarget "XSell" */ = {
			isa = XCConfigurationList;
			buildConfigurations = (
				EC0F24341927021B00C19426 /* Debug */,
				EC0F24351927021B00C19426 /* Release */,
			);
			defaultConfigurationIsVisible = 0;
			defaultConfigurationName = Release;
		};
		EC0F24361927021B00C19426 /* Build configuration list for PBXNativeTarget "XSellTests" */ = {
			isa = XCConfigurationList;
			buildConfigurations = (
				EC0F24371927021B00C19426 /* Debug */,
				EC0F24381927021B00C19426 /* Release */,
			);
			defaultConfigurationIsVisible = 0;
			defaultConfigurationName = Release;
		};
/* End XCConfigurationList section */

/* Begin XCVersionGroup section */
		EC0F24181927021B00C19426 /* XSell.xcdatamodeld */ = {
			isa = XCVersionGroup;
			children = (
				EC0F24191927021B00C19426 /* XSell.xcdatamodel */,
			);
			currentVersion = EC0F24191927021B00C19426 /* XSell.xcdatamodel */;
			path = XSell.xcdatamodeld;
			sourceTree = "<group>";
			versionGroupType = wrapper.xcdatamodel;
		};
/* End XCVersionGroup section */
	};
	rootObject = EC0F23F91927021B00C19426 /* Project object */;
}
